// !$*UTF8*$!
{
	archiveVersion = 1;
	classes = {
	};
	objectVersion = 46;
	objects = {

/* Begin PBXBuildFile section */
		DD99A5F51EE5521D0054596F /* LabelTFCell.m in Sources */ = {isa = PBXBuildFile; fileRef = DD99A5F41EE5521D0054596F /* LabelTFCell.m */; };
		DD99A5F81EE55BE40054596F /* BaseTableViewHeaderFooter.m in Sources */ = {isa = PBXBuildFile; fileRef = DD99A5F71EE55BE40054596F /* BaseTableViewHeaderFooter.m */; };
		DD99A5FB1EE55E190054596F /* TableViewHeader.m in Sources */ = {isa = PBXBuildFile; fileRef = DD99A5FA1EE55E190054596F /* TableViewHeader.m */; };
		DDA59AF61EE1571E00709C47 /* BaseTableViewCell.m in Sources */ = {isa = PBXBuildFile; fileRef = DDA59AF51EE1571E00709C47 /* BaseTableViewCell.m */; };
		DDA59AFC1EE157FA00709C47 /* BaseCollectionViewItem.m in Sources */ = {isa = PBXBuildFile; fileRef = DDA59AFB1EE157FA00709C47 /* BaseCollectionViewItem.m */; };
		DDA59AFF1EE159CF00709C47 /* BaseModel.m in Sources */ = {isa = PBXBuildFile; fileRef = DDA59AFE1EE159CF00709C47 /* BaseModel.m */; };
		DDA59B031EE15DEC00709C47 /* LabelCell.m in Sources */ = {isa = PBXBuildFile; fileRef = DDA59B021EE15DEC00709C47 /* LabelCell.m */; };
		DDA59B1E1EE15F5200709C47 /* MASCompositeConstraint.m in Sources */ = {isa = PBXBuildFile; fileRef = DDA59B061EE15F5200709C47 /* MASCompositeConstraint.m */; };
		DDA59B1F1EE15F5200709C47 /* MASConstraint.m in Sources */ = {isa = PBXBuildFile; fileRef = DDA59B091EE15F5200709C47 /* MASConstraint.m */; };
		DDA59B201EE15F5200709C47 /* MASConstraintMaker.m in Sources */ = {isa = PBXBuildFile; fileRef = DDA59B0B1EE15F5200709C47 /* MASConstraintMaker.m */; };
		DDA59B211EE15F5200709C47 /* MASLayoutConstraint.m in Sources */ = {isa = PBXBuildFile; fileRef = DDA59B0D1EE15F5200709C47 /* MASLayoutConstraint.m */; };
		DDA59B221EE15F5200709C47 /* MASViewAttribute.m in Sources */ = {isa = PBXBuildFile; fileRef = DDA59B111EE15F5200709C47 /* MASViewAttribute.m */; };
		DDA59B231EE15F5200709C47 /* MASViewConstraint.m in Sources */ = {isa = PBXBuildFile; fileRef = DDA59B131EE15F5200709C47 /* MASViewConstraint.m */; };
		DDA59B241EE15F5200709C47 /* NSArray+MASAdditions.m in Sources */ = {isa = PBXBuildFile; fileRef = DDA59B151EE15F5200709C47 /* NSArray+MASAdditions.m */; };
		DDA59B251EE15F5200709C47 /* NSLayoutConstraint+MASDebugAdditions.m in Sources */ = {isa = PBXBuildFile; fileRef = DDA59B181EE15F5200709C47 /* NSLayoutConstraint+MASDebugAdditions.m */; };
		DDA59B261EE15F5200709C47 /* View+MASAdditions.m in Sources */ = {isa = PBXBuildFile; fileRef = DDA59B1A1EE15F5200709C47 /* View+MASAdditions.m */; };
		DDA59B271EE15F5200709C47 /* ViewController+MASAdditions.m in Sources */ = {isa = PBXBuildFile; fileRef = DDA59B1D1EE15F5200709C47 /* ViewController+MASAdditions.m */; };
		DDA59B311EE1667000709C47 /* UITableView+FDIndexPathHeightCache.m in Sources */ = {isa = PBXBuildFile; fileRef = DDA59B2A1EE1667000709C47 /* UITableView+FDIndexPathHeightCache.m */; };
		DDA59B321EE1667000709C47 /* UITableView+FDKeyedHeightCache.m in Sources */ = {isa = PBXBuildFile; fileRef = DDA59B2C1EE1667000709C47 /* UITableView+FDKeyedHeightCache.m */; };
		DDA59B331EE1667000709C47 /* UITableView+FDTemplateLayoutCell.m in Sources */ = {isa = PBXBuildFile; fileRef = DDA59B2E1EE1667000709C47 /* UITableView+FDTemplateLayoutCell.m */; };
		DDA59B341EE1667000709C47 /* UITableView+FDTemplateLayoutCellDebug.m in Sources */ = {isa = PBXBuildFile; fileRef = DDA59B301EE1667000709C47 /* UITableView+FDTemplateLayoutCellDebug.m */; };
		DDA59B371EE1680600709C47 /* ButtonCell.m in Sources */ = {isa = PBXBuildFile; fileRef = DDA59B361EE1680600709C47 /* ButtonCell.m */; };
		DDFFC8CA1EE060A700849F4A /* main.m in Sources */ = {isa = PBXBuildFile; fileRef = DDFFC8C91EE060A700849F4A /* main.m */; };
		DDFFC8CD1EE060A700849F4A /* AppDelegate.m in Sources */ = {isa = PBXBuildFile; fileRef = DDFFC8CC1EE060A700849F4A /* AppDelegate.m */; };
		DDFFC8D01EE060A700849F4A /* ViewController.m in Sources */ = {isa = PBXBuildFile; fileRef = DDFFC8CF1EE060A700849F4A /* ViewController.m */; };
		DDFFC8D31EE060A700849F4A /* Main.storyboard in Resources */ = {isa = PBXBuildFile; fileRef = DDFFC8D11EE060A700849F4A /* Main.storyboard */; };
		DDFFC8D51EE060A700849F4A /* Assets.xcassets in Resources */ = {isa = PBXBuildFile; fileRef = DDFFC8D41EE060A700849F4A /* Assets.xcassets */; };
		DDFFC8D81EE060A700849F4A /* LaunchScreen.storyboard in Resources */ = {isa = PBXBuildFile; fileRef = DDFFC8D61EE060A700849F4A /* LaunchScreen.storyboard */; };
		DDFFC8E31EE060A700849F4A /* CommonTests.m in Sources */ = {isa = PBXBuildFile; fileRef = DDFFC8E21EE060A700849F4A /* CommonTests.m */; };
		DDFFC8EE1EE060A800849F4A /* CommonUITests.m in Sources */ = {isa = PBXBuildFile; fileRef = DDFFC8ED1EE060A800849F4A /* CommonUITests.m */; };
		DDFFC8FE1EE0611600849F4A /* BaseViewController.m in Sources */ = {isa = PBXBuildFile; fileRef = DDFFC8FD1EE0611600849F4A /* BaseViewController.m */; };
		DDFFC9011EE0616E00849F4A /* BaseNavigationController.m in Sources */ = {isa = PBXBuildFile; fileRef = DDFFC9001EE0616E00849F4A /* BaseNavigationController.m */; };
		DDFFC9041EE0618E00849F4A /* BaseTabBarController.m in Sources */ = {isa = PBXBuildFile; fileRef = DDFFC9031EE0618E00849F4A /* BaseTabBarController.m */; };
/* End PBXBuildFile section */

/* Begin PBXContainerItemProxy section */
		DDFFC8DF1EE060A700849F4A /* PBXContainerItemProxy */ = {
			isa = PBXContainerItemProxy;
			containerPortal = DDFFC8BD1EE060A700849F4A /* Project object */;
			proxyType = 1;
			remoteGlobalIDString = DDFFC8C41EE060A700849F4A;
			remoteInfo = Common;
		};
		DDFFC8EA1EE060A800849F4A /* PBXContainerItemProxy */ = {
			isa = PBXContainerItemProxy;
			containerPortal = DDFFC8BD1EE060A700849F4A /* Project object */;
			proxyType = 1;
			remoteGlobalIDString = DDFFC8C41EE060A700849F4A;
			remoteInfo = Common;
		};
/* End PBXContainerItemProxy section */

/* Begin PBXFileReference section */
		DD99A5F31EE5521D0054596F /* LabelTFCell.h */ = {isa = PBXFileReference; fileEncoding = 4; lastKnownFileType = sourcecode.c.h; path = LabelTFCell.h; sourceTree = "<group>"; };
		DD99A5F41EE5521D0054596F /* LabelTFCell.m */ = {isa = PBXFileReference; fileEncoding = 4; lastKnownFileType = sourcecode.c.objc; path = LabelTFCell.m; sourceTree = "<group>"; };
		DD99A5F61EE55BE40054596F /* BaseTableViewHeaderFooter.h */ = {isa = PBXFileReference; fileEncoding = 4; lastKnownFileType = sourcecode.c.h; path = BaseTableViewHeaderFooter.h; sourceTree = "<group>"; };
		DD99A5F71EE55BE40054596F /* BaseTableViewHeaderFooter.m */ = {isa = PBXFileReference; fileEncoding = 4; lastKnownFileType = sourcecode.c.objc; path = BaseTableViewHeaderFooter.m; sourceTree = "<group>"; };
		DD99A5F91EE55E190054596F /* TableViewHeader.h */ = {isa = PBXFileReference; fileEncoding = 4; lastKnownFileType = sourcecode.c.h; path = TableViewHeader.h; sourceTree = "<group>"; };
		DD99A5FA1EE55E190054596F /* TableViewHeader.m */ = {isa = PBXFileReference; fileEncoding = 4; lastKnownFileType = sourcecode.c.objc; path = TableViewHeader.m; sourceTree = "<group>"; };
		DDA59AF41EE1571E00709C47 /* BaseTableViewCell.h */ = {isa = PBXFileReference; fileEncoding = 4; lastKnownFileType = sourcecode.c.h; path = BaseTableViewCell.h; sourceTree = "<group>"; };
		DDA59AF51EE1571E00709C47 /* BaseTableViewCell.m */ = {isa = PBXFileReference; fileEncoding = 4; lastKnownFileType = sourcecode.c.objc; path = BaseTableViewCell.m; sourceTree = "<group>"; };
		DDA59AFA1EE157FA00709C47 /* BaseCollectionViewItem.h */ = {isa = PBXFileReference; fileEncoding = 4; lastKnownFileType = sourcecode.c.h; path = BaseCollectionViewItem.h; sourceTree = "<group>"; };
		DDA59AFB1EE157FA00709C47 /* BaseCollectionViewItem.m */ = {isa = PBXFileReference; fileEncoding = 4; lastKnownFileType = sourcecode.c.objc; path = BaseCollectionViewItem.m; sourceTree = "<group>"; };
		DDA59AFD1EE159CF00709C47 /* BaseModel.h */ = {isa = PBXFileReference; fileEncoding = 4; lastKnownFileType = sourcecode.c.h; path = BaseModel.h; sourceTree = "<group>"; };
		DDA59AFE1EE159CF00709C47 /* BaseModel.m */ = {isa = PBXFileReference; fileEncoding = 4; lastKnownFileType = sourcecode.c.objc; path = BaseModel.m; sourceTree = "<group>"; };
		DDA59B011EE15DEC00709C47 /* LabelCell.h */ = {isa = PBXFileReference; fileEncoding = 4; lastKnownFileType = sourcecode.c.h; path = LabelCell.h; sourceTree = "<group>"; };
		DDA59B021EE15DEC00709C47 /* LabelCell.m */ = {isa = PBXFileReference; fileEncoding = 4; lastKnownFileType = sourcecode.c.objc; path = LabelCell.m; sourceTree = "<group>"; };
		DDA59B051EE15F5200709C47 /* MASCompositeConstraint.h */ = {isa = PBXFileReference; fileEncoding = 4; lastKnownFileType = sourcecode.c.h; path = MASCompositeConstraint.h; sourceTree = "<group>"; };
		DDA59B061EE15F5200709C47 /* MASCompositeConstraint.m */ = {isa = PBXFileReference; fileEncoding = 4; lastKnownFileType = sourcecode.c.objc; path = MASCompositeConstraint.m; sourceTree = "<group>"; };
		DDA59B071EE15F5200709C47 /* MASConstraint+Private.h */ = {isa = PBXFileReference; fileEncoding = 4; lastKnownFileType = sourcecode.c.h; path = "MASConstraint+Private.h"; sourceTree = "<group>"; };
		DDA59B081EE15F5200709C47 /* MASConstraint.h */ = {isa = PBXFileReference; fileEncoding = 4; lastKnownFileType = sourcecode.c.h; path = MASConstraint.h; sourceTree = "<group>"; };
		DDA59B091EE15F5200709C47 /* MASConstraint.m */ = {isa = PBXFileReference; fileEncoding = 4; lastKnownFileType = sourcecode.c.objc; path = MASConstraint.m; sourceTree = "<group>"; };
		DDA59B0A1EE15F5200709C47 /* MASConstraintMaker.h */ = {isa = PBXFileReference; fileEncoding = 4; lastKnownFileType = sourcecode.c.h; path = MASConstraintMaker.h; sourceTree = "<group>"; };
		DDA59B0B1EE15F5200709C47 /* MASConstraintMaker.m */ = {isa = PBXFileReference; fileEncoding = 4; lastKnownFileType = sourcecode.c.objc; path = MASConstraintMaker.m; sourceTree = "<group>"; };
		DDA59B0C1EE15F5200709C47 /* MASLayoutConstraint.h */ = {isa = PBXFileReference; fileEncoding = 4; lastKnownFileType = sourcecode.c.h; path = MASLayoutConstraint.h; sourceTree = "<group>"; };
		DDA59B0D1EE15F5200709C47 /* MASLayoutConstraint.m */ = {isa = PBXFileReference; fileEncoding = 4; lastKnownFileType = sourcecode.c.objc; path = MASLayoutConstraint.m; sourceTree = "<group>"; };
		DDA59B0E1EE15F5200709C47 /* Masonry.h */ = {isa = PBXFileReference; fileEncoding = 4; lastKnownFileType = sourcecode.c.h; path = Masonry.h; sourceTree = "<group>"; };
		DDA59B0F1EE15F5200709C47 /* MASUtilities.h */ = {isa = PBXFileReference; fileEncoding = 4; lastKnownFileType = sourcecode.c.h; path = MASUtilities.h; sourceTree = "<group>"; };
		DDA59B101EE15F5200709C47 /* MASViewAttribute.h */ = {isa = PBXFileReference; fileEncoding = 4; lastKnownFileType = sourcecode.c.h; path = MASViewAttribute.h; sourceTree = "<group>"; };
		DDA59B111EE15F5200709C47 /* MASViewAttribute.m */ = {isa = PBXFileReference; fileEncoding = 4; lastKnownFileType = sourcecode.c.objc; path = MASViewAttribute.m; sourceTree = "<group>"; };
		DDA59B121EE15F5200709C47 /* MASViewConstraint.h */ = {isa = PBXFileReference; fileEncoding = 4; lastKnownFileType = sourcecode.c.h; path = MASViewConstraint.h; sourceTree = "<group>"; };
		DDA59B131EE15F5200709C47 /* MASViewConstraint.m */ = {isa = PBXFileReference; fileEncoding = 4; lastKnownFileType = sourcecode.c.objc; path = MASViewConstraint.m; sourceTree = "<group>"; };
		DDA59B141EE15F5200709C47 /* NSArray+MASAdditions.h */ = {isa = PBXFileReference; fileEncoding = 4; lastKnownFileType = sourcecode.c.h; path = "NSArray+MASAdditions.h"; sourceTree = "<group>"; };
		DDA59B151EE15F5200709C47 /* NSArray+MASAdditions.m */ = {isa = PBXFileReference; fileEncoding = 4; lastKnownFileType = sourcecode.c.objc; path = "NSArray+MASAdditions.m"; sourceTree = "<group>"; };
		DDA59B161EE15F5200709C47 /* NSArray+MASShorthandAdditions.h */ = {isa = PBXFileReference; fileEncoding = 4; lastKnownFileType = sourcecode.c.h; path = "NSArray+MASShorthandAdditions.h"; sourceTree = "<group>"; };
		DDA59B171EE15F5200709C47 /* NSLayoutConstraint+MASDebugAdditions.h */ = {isa = PBXFileReference; fileEncoding = 4; lastKnownFileType = sourcecode.c.h; path = "NSLayoutConstraint+MASDebugAdditions.h"; sourceTree = "<group>"; };
		DDA59B181EE15F5200709C47 /* NSLayoutConstraint+MASDebugAdditions.m */ = {isa = PBXFileReference; fileEncoding = 4; lastKnownFileType = sourcecode.c.objc; path = "NSLayoutConstraint+MASDebugAdditions.m"; sourceTree = "<group>"; };
		DDA59B191EE15F5200709C47 /* View+MASAdditions.h */ = {isa = PBXFileReference; fileEncoding = 4; lastKnownFileType = sourcecode.c.h; path = "View+MASAdditions.h"; sourceTree = "<group>"; };
		DDA59B1A1EE15F5200709C47 /* View+MASAdditions.m */ = {isa = PBXFileReference; fileEncoding = 4; lastKnownFileType = sourcecode.c.objc; path = "View+MASAdditions.m"; sourceTree = "<group>"; };
		DDA59B1B1EE15F5200709C47 /* View+MASShorthandAdditions.h */ = {isa = PBXFileReference; fileEncoding = 4; lastKnownFileType = sourcecode.c.h; path = "View+MASShorthandAdditions.h"; sourceTree = "<group>"; };
		DDA59B1C1EE15F5200709C47 /* ViewController+MASAdditions.h */ = {isa = PBXFileReference; fileEncoding = 4; lastKnownFileType = sourcecode.c.h; path = "ViewController+MASAdditions.h"; sourceTree = "<group>"; };
		DDA59B1D1EE15F5200709C47 /* ViewController+MASAdditions.m */ = {isa = PBXFileReference; fileEncoding = 4; lastKnownFileType = sourcecode.c.objc; path = "ViewController+MASAdditions.m"; sourceTree = "<group>"; };
		DDA59B291EE1667000709C47 /* UITableView+FDIndexPathHeightCache.h */ = {isa = PBXFileReference; fileEncoding = 4; lastKnownFileType = sourcecode.c.h; path = "UITableView+FDIndexPathHeightCache.h"; sourceTree = "<group>"; };
		DDA59B2A1EE1667000709C47 /* UITableView+FDIndexPathHeightCache.m */ = {isa = PBXFileReference; fileEncoding = 4; lastKnownFileType = sourcecode.c.objc; path = "UITableView+FDIndexPathHeightCache.m"; sourceTree = "<group>"; };
		DDA59B2B1EE1667000709C47 /* UITableView+FDKeyedHeightCache.h */ = {isa = PBXFileReference; fileEncoding = 4; lastKnownFileType = sourcecode.c.h; path = "UITableView+FDKeyedHeightCache.h"; sourceTree = "<group>"; };
		DDA59B2C1EE1667000709C47 /* UITableView+FDKeyedHeightCache.m */ = {isa = PBXFileReference; fileEncoding = 4; lastKnownFileType = sourcecode.c.objc; path = "UITableView+FDKeyedHeightCache.m"; sourceTree = "<group>"; };
		DDA59B2D1EE1667000709C47 /* UITableView+FDTemplateLayoutCell.h */ = {isa = PBXFileReference; fileEncoding = 4; lastKnownFileType = sourcecode.c.h; path = "UITableView+FDTemplateLayoutCell.h"; sourceTree = "<group>"; };
		DDA59B2E1EE1667000709C47 /* UITableView+FDTemplateLayoutCell.m */ = {isa = PBXFileReference; fileEncoding = 4; lastKnownFileType = sourcecode.c.objc; path = "UITableView+FDTemplateLayoutCell.m"; sourceTree = "<group>"; };
		DDA59B2F1EE1667000709C47 /* UITableView+FDTemplateLayoutCellDebug.h */ = {isa = PBXFileReference; fileEncoding = 4; lastKnownFileType = sourcecode.c.h; path = "UITableView+FDTemplateLayoutCellDebug.h"; sourceTree = "<group>"; };
		DDA59B301EE1667000709C47 /* UITableView+FDTemplateLayoutCellDebug.m */ = {isa = PBXFileReference; fileEncoding = 4; lastKnownFileType = sourcecode.c.objc; path = "UITableView+FDTemplateLayoutCellDebug.m"; sourceTree = "<group>"; };
		DDA59B351EE1680600709C47 /* ButtonCell.h */ = {isa = PBXFileReference; fileEncoding = 4; lastKnownFileType = sourcecode.c.h; path = ButtonCell.h; sourceTree = "<group>"; };
		DDA59B361EE1680600709C47 /* ButtonCell.m */ = {isa = PBXFileReference; fileEncoding = 4; lastKnownFileType = sourcecode.c.objc; path = ButtonCell.m; sourceTree = "<group>"; };
		DDFFC8C51EE060A700849F4A /* Common.app */ = {isa = PBXFileReference; explicitFileType = wrapper.application; includeInIndex = 0; path = Common.app; sourceTree = BUILT_PRODUCTS_DIR; };
		DDFFC8C91EE060A700849F4A /* main.m */ = {isa = PBXFileReference; lastKnownFileType = sourcecode.c.objc; path = main.m; sourceTree = "<group>"; };
		DDFFC8CB1EE060A700849F4A /* AppDelegate.h */ = {isa = PBXFileReference; lastKnownFileType = sourcecode.c.h; path = AppDelegate.h; sourceTree = "<group>"; };
		DDFFC8CC1EE060A700849F4A /* AppDelegate.m */ = {isa = PBXFileReference; lastKnownFileType = sourcecode.c.objc; path = AppDelegate.m; sourceTree = "<group>"; };
		DDFFC8CE1EE060A700849F4A /* ViewController.h */ = {isa = PBXFileReference; lastKnownFileType = sourcecode.c.h; path = ViewController.h; sourceTree = "<group>"; };
		DDFFC8CF1EE060A700849F4A /* ViewController.m */ = {isa = PBXFileReference; lastKnownFileType = sourcecode.c.objc; path = ViewController.m; sourceTree = "<group>"; };
		DDFFC8D21EE060A700849F4A /* Base */ = {isa = PBXFileReference; lastKnownFileType = file.storyboard; name = Base; path = Base.lproj/Main.storyboard; sourceTree = "<group>"; };
		DDFFC8D41EE060A700849F4A /* Assets.xcassets */ = {isa = PBXFileReference; lastKnownFileType = folder.assetcatalog; path = Assets.xcassets; sourceTree = "<group>"; };
		DDFFC8D71EE060A700849F4A /* Base */ = {isa = PBXFileReference; lastKnownFileType = file.storyboard; name = Base; path = Base.lproj/LaunchScreen.storyboard; sourceTree = "<group>"; };
		DDFFC8D91EE060A700849F4A /* Info.plist */ = {isa = PBXFileReference; lastKnownFileType = text.plist.xml; path = Info.plist; sourceTree = "<group>"; };
		DDFFC8DE1EE060A700849F4A /* CommonTests.xctest */ = {isa = PBXFileReference; explicitFileType = wrapper.cfbundle; includeInIndex = 0; path = CommonTests.xctest; sourceTree = BUILT_PRODUCTS_DIR; };
		DDFFC8E21EE060A700849F4A /* CommonTests.m */ = {isa = PBXFileReference; lastKnownFileType = sourcecode.c.objc; path = CommonTests.m; sourceTree = "<group>"; };
		DDFFC8E41EE060A700849F4A /* Info.plist */ = {isa = PBXFileReference; lastKnownFileType = text.plist.xml; path = Info.plist; sourceTree = "<group>"; };
		DDFFC8E91EE060A800849F4A /* CommonUITests.xctest */ = {isa = PBXFileReference; explicitFileType = wrapper.cfbundle; includeInIndex = 0; path = CommonUITests.xctest; sourceTree = BUILT_PRODUCTS_DIR; };
		DDFFC8ED1EE060A800849F4A /* CommonUITests.m */ = {isa = PBXFileReference; lastKnownFileType = sourcecode.c.objc; path = CommonUITests.m; sourceTree = "<group>"; };
		DDFFC8EF1EE060A800849F4A /* Info.plist */ = {isa = PBXFileReference; lastKnownFileType = text.plist.xml; path = Info.plist; sourceTree = "<group>"; };
		DDFFC8FC1EE0611600849F4A /* BaseViewController.h */ = {isa = PBXFileReference; fileEncoding = 4; lastKnownFileType = sourcecode.c.h; path = BaseViewController.h; sourceTree = "<group>"; };
		DDFFC8FD1EE0611600849F4A /* BaseViewController.m */ = {isa = PBXFileReference; fileEncoding = 4; lastKnownFileType = sourcecode.c.objc; path = BaseViewController.m; sourceTree = "<group>"; };
		DDFFC8FF1EE0616E00849F4A /* BaseNavigationController.h */ = {isa = PBXFileReference; fileEncoding = 4; lastKnownFileType = sourcecode.c.h; path = BaseNavigationController.h; sourceTree = "<group>"; };
		DDFFC9001EE0616E00849F4A /* BaseNavigationController.m */ = {isa = PBXFileReference; fileEncoding = 4; lastKnownFileType = sourcecode.c.objc; path = BaseNavigationController.m; sourceTree = "<group>"; };
		DDFFC9021EE0618E00849F4A /* BaseTabBarController.h */ = {isa = PBXFileReference; fileEncoding = 4; lastKnownFileType = sourcecode.c.h; path = BaseTabBarController.h; sourceTree = "<group>"; };
		DDFFC9031EE0618E00849F4A /* BaseTabBarController.m */ = {isa = PBXFileReference; fileEncoding = 4; lastKnownFileType = sourcecode.c.objc; path = BaseTabBarController.m; sourceTree = "<group>"; };
		DDFFC9051EE061B500849F4A /* PrefixHeader.pch */ = {isa = PBXFileReference; lastKnownFileType = sourcecode.c.h; path = PrefixHeader.pch; sourceTree = "<group>"; };
/* End PBXFileReference section */

/* Begin PBXFrameworksBuildPhase section */
		DDFFC8C21EE060A700849F4A /* Frameworks */ = {
			isa = PBXFrameworksBuildPhase;
			buildActionMask = 2147483647;
			files = (
			);
			runOnlyForDeploymentPostprocessing = 0;
		};
		DDFFC8DB1EE060A700849F4A /* Frameworks */ = {
			isa = PBXFrameworksBuildPhase;
			buildActionMask = 2147483647;
			files = (
			);
			runOnlyForDeploymentPostprocessing = 0;
		};
		DDFFC8E61EE060A800849F4A /* Frameworks */ = {
			isa = PBXFrameworksBuildPhase;
			buildActionMask = 2147483647;
			files = (
			);
			runOnlyForDeploymentPostprocessing = 0;
		};
/* End PBXFrameworksBuildPhase section */

/* Begin PBXGroup section */
		DDA59B041EE15F5200709C47 /* Masonry */ = {
			isa = PBXGroup;
			children = (
				DDA59B051EE15F5200709C47 /* MASCompositeConstraint.h */,
				DDA59B061EE15F5200709C47 /* MASCompositeConstraint.m */,
				DDA59B071EE15F5200709C47 /* MASConstraint+Private.h */,
				DDA59B081EE15F5200709C47 /* MASConstraint.h */,
				DDA59B091EE15F5200709C47 /* MASConstraint.m */,
				DDA59B0A1EE15F5200709C47 /* MASConstraintMaker.h */,
				DDA59B0B1EE15F5200709C47 /* MASConstraintMaker.m */,
				DDA59B0C1EE15F5200709C47 /* MASLayoutConstraint.h */,
				DDA59B0D1EE15F5200709C47 /* MASLayoutConstraint.m */,
				DDA59B0E1EE15F5200709C47 /* Masonry.h */,
				DDA59B0F1EE15F5200709C47 /* MASUtilities.h */,
				DDA59B101EE15F5200709C47 /* MASViewAttribute.h */,
				DDA59B111EE15F5200709C47 /* MASViewAttribute.m */,
				DDA59B121EE15F5200709C47 /* MASViewConstraint.h */,
				DDA59B131EE15F5200709C47 /* MASViewConstraint.m */,
				DDA59B141EE15F5200709C47 /* NSArray+MASAdditions.h */,
				DDA59B151EE15F5200709C47 /* NSArray+MASAdditions.m */,
				DDA59B161EE15F5200709C47 /* NSArray+MASShorthandAdditions.h */,
				DDA59B171EE15F5200709C47 /* NSLayoutConstraint+MASDebugAdditions.h */,
				DDA59B181EE15F5200709C47 /* NSLayoutConstraint+MASDebugAdditions.m */,
				DDA59B191EE15F5200709C47 /* View+MASAdditions.h */,
				DDA59B1A1EE15F5200709C47 /* View+MASAdditions.m */,
				DDA59B1B1EE15F5200709C47 /* View+MASShorthandAdditions.h */,
				DDA59B1C1EE15F5200709C47 /* ViewController+MASAdditions.h */,
				DDA59B1D1EE15F5200709C47 /* ViewController+MASAdditions.m */,
			);
			path = Masonry;
			sourceTree = "<group>";
		};
		DDA59B281EE1667000709C47 /* FDTemplateLayoutCell */ = {
			isa = PBXGroup;
			children = (
				DDA59B291EE1667000709C47 /* UITableView+FDIndexPathHeightCache.h */,
				DDA59B2A1EE1667000709C47 /* UITableView+FDIndexPathHeightCache.m */,
				DDA59B2B1EE1667000709C47 /* UITableView+FDKeyedHeightCache.h */,
				DDA59B2C1EE1667000709C47 /* UITableView+FDKeyedHeightCache.m */,
				DDA59B2D1EE1667000709C47 /* UITableView+FDTemplateLayoutCell.h */,
				DDA59B2E1EE1667000709C47 /* UITableView+FDTemplateLayoutCell.m */,
				DDA59B2F1EE1667000709C47 /* UITableView+FDTemplateLayoutCellDebug.h */,
				DDA59B301EE1667000709C47 /* UITableView+FDTemplateLayoutCellDebug.m */,
			);
			path = FDTemplateLayoutCell;
			sourceTree = "<group>";
		};
		DDFFC8BC1EE060A700849F4A = {
			isa = PBXGroup;
			children = (
				DDA59B281EE1667000709C47 /* FDTemplateLayoutCell */,
				DDA59B041EE15F5200709C47 /* Masonry */,
				DDFFC8FB1EE060F400849F4A /* Common */,
				DDFFC8C71EE060A700849F4A /* CommonExample */,
				DDFFC8E11EE060A700849F4A /* CommonTests */,
				DDFFC8EC1EE060A800849F4A /* CommonUITests */,
				DDFFC8C61EE060A700849F4A /* Products */,
			);
			sourceTree = "<group>";
		};
		DDFFC8C61EE060A700849F4A /* Products */ = {
			isa = PBXGroup;
			children = (
				DDFFC8C51EE060A700849F4A /* Common.app */,
				DDFFC8DE1EE060A700849F4A /* CommonTests.xctest */,
				DDFFC8E91EE060A800849F4A /* CommonUITests.xctest */,
			);
			name = Products;
			sourceTree = "<group>";
		};
		DDFFC8C71EE060A700849F4A /* CommonExample */ = {
			isa = PBXGroup;
			children = (
				DDFFC8CB1EE060A700849F4A /* AppDelegate.h */,
				DDFFC8CC1EE060A700849F4A /* AppDelegate.m */,
				DDFFC8CE1EE060A700849F4A /* ViewController.h */,
				DDFFC8CF1EE060A700849F4A /* ViewController.m */,
				DDFFC8D11EE060A700849F4A /* Main.storyboard */,
				DDFFC8D41EE060A700849F4A /* Assets.xcassets */,
				DDFFC8D61EE060A700849F4A /* LaunchScreen.storyboard */,
				DDFFC8D91EE060A700849F4A /* Info.plist */,
				DDFFC8C81EE060A700849F4A /* Supporting Files */,
			);
			path = CommonExample;
			sourceTree = "<group>";
		};
		DDFFC8C81EE060A700849F4A /* Supporting Files */ = {
			isa = PBXGroup;
			children = (
				DDFFC8C91EE060A700849F4A /* main.m */,
				DDFFC9051EE061B500849F4A /* PrefixHeader.pch */,
			);
			name = "Supporting Files";
			sourceTree = "<group>";
		};
		DDFFC8E11EE060A700849F4A /* CommonTests */ = {
			isa = PBXGroup;
			children = (
				DDFFC8E21EE060A700849F4A /* CommonTests.m */,
				DDFFC8E41EE060A700849F4A /* Info.plist */,
			);
			path = CommonTests;
			sourceTree = "<group>";
		};
		DDFFC8EC1EE060A800849F4A /* CommonUITests */ = {
			isa = PBXGroup;
			children = (
				DDFFC8ED1EE060A800849F4A /* CommonUITests.m */,
				DDFFC8EF1EE060A800849F4A /* Info.plist */,
			);
			path = CommonUITests;
			sourceTree = "<group>";
		};
		DDFFC8FB1EE060F400849F4A /* Common */ = {
			isa = PBXGroup;
			children = (
				DDFFC8FC1EE0611600849F4A /* BaseViewController.h */,
				DDFFC8FD1EE0611600849F4A /* BaseViewController.m */,
				DDFFC8FF1EE0616E00849F4A /* BaseNavigationController.h */,
				DDFFC9001EE0616E00849F4A /* BaseNavigationController.m */,
				DDFFC9021EE0618E00849F4A /* BaseTabBarController.h */,
				DDFFC9031EE0618E00849F4A /* BaseTabBarController.m */,
				DDA59AF41EE1571E00709C47 /* BaseTableViewCell.h */,
				DDA59AF51EE1571E00709C47 /* BaseTableViewCell.m */,
				DDA59AFA1EE157FA00709C47 /* BaseCollectionViewItem.h */,
				DDA59AFB1EE157FA00709C47 /* BaseCollectionViewItem.m */,
				DDA59AFD1EE159CF00709C47 /* BaseModel.h */,
				DDA59AFE1EE159CF00709C47 /* BaseModel.m */,
				DDA59B011EE15DEC00709C47 /* LabelCell.h */,
				DDA59B021EE15DEC00709C47 /* LabelCell.m */,
				DDA59B351EE1680600709C47 /* ButtonCell.h */,
				DDA59B361EE1680600709C47 /* ButtonCell.m */,
				DD99A5F31EE5521D0054596F /* LabelTFCell.h */,
				DD99A5F41EE5521D0054596F /* LabelTFCell.m */,
				DD99A5F61EE55BE40054596F /* BaseTableViewHeaderFooter.h */,
				DD99A5F71EE55BE40054596F /* BaseTableViewHeaderFooter.m */,
				DD99A5F91EE55E190054596F /* TableViewHeader.h */,
				DD99A5FA1EE55E190054596F /* TableViewHeader.m */,
			);
			path = Common;
			sourceTree = "<group>";
		};
/* End PBXGroup section */

/* Begin PBXNativeTarget section */
		DDFFC8C41EE060A700849F4A /* Common */ = {
			isa = PBXNativeTarget;
			buildConfigurationList = DDFFC8F21EE060A800849F4A /* Build configuration list for PBXNativeTarget "Common" */;
			buildPhases = (
				DDFFC8C11EE060A700849F4A /* Sources */,
				DDFFC8C21EE060A700849F4A /* Frameworks */,
				DDFFC8C31EE060A700849F4A /* Resources */,
			);
			buildRules = (
			);
			dependencies = (
			);
			name = Common;
			productName = Common;
			productReference = DDFFC8C51EE060A700849F4A /* Common.app */;
			productType = "com.apple.product-type.application";
		};
		DDFFC8DD1EE060A700849F4A /* CommonTests */ = {
			isa = PBXNativeTarget;
			buildConfigurationList = DDFFC8F51EE060A800849F4A /* Build configuration list for PBXNativeTarget "CommonTests" */;
			buildPhases = (
				DDFFC8DA1EE060A700849F4A /* Sources */,
				DDFFC8DB1EE060A700849F4A /* Frameworks */,
				DDFFC8DC1EE060A700849F4A /* Resources */,
			);
			buildRules = (
			);
			dependencies = (
				DDFFC8E01EE060A700849F4A /* PBXTargetDependency */,
			);
			name = CommonTests;
			productName = CommonTests;
			productReference = DDFFC8DE1EE060A700849F4A /* CommonTests.xctest */;
			productType = "com.apple.product-type.bundle.unit-test";
		};
		DDFFC8E81EE060A800849F4A /* CommonUITests */ = {
			isa = PBXNativeTarget;
			buildConfigurationList = DDFFC8F81EE060A800849F4A /* Build configuration list for PBXNativeTarget "CommonUITests" */;
			buildPhases = (
				DDFFC8E51EE060A800849F4A /* Sources */,
				DDFFC8E61EE060A800849F4A /* Frameworks */,
				DDFFC8E71EE060A800849F4A /* Resources */,
			);
			buildRules = (
			);
			dependencies = (
				DDFFC8EB1EE060A800849F4A /* PBXTargetDependency */,
			);
			name = CommonUITests;
			productName = CommonUITests;
			productReference = DDFFC8E91EE060A800849F4A /* CommonUITests.xctest */;
			productType = "com.apple.product-type.bundle.ui-testing";
		};
/* End PBXNativeTarget section */

/* Begin PBXProject section */
		DDFFC8BD1EE060A700849F4A /* Project object */ = {
			isa = PBXProject;
			attributes = {
				LastUpgradeCheck = 0830;
				ORGANIZATIONNAME = "邓顺来";
				TargetAttributes = {
					DDFFC8C41EE060A700849F4A = {
						CreatedOnToolsVersion = 8.3.2;
						DevelopmentTeam = QTRV8G9WAU;
						ProvisioningStyle = Automatic;
					};
					DDFFC8DD1EE060A700849F4A = {
						CreatedOnToolsVersion = 8.3.2;
						DevelopmentTeam = QTRV8G9WAU;
						ProvisioningStyle = Automatic;
						TestTargetID = DDFFC8C41EE060A700849F4A;
					};
					DDFFC8E81EE060A800849F4A = {
						CreatedOnToolsVersion = 8.3.2;
						DevelopmentTeam = QTRV8G9WAU;
						ProvisioningStyle = Automatic;
						TestTargetID = DDFFC8C41EE060A700849F4A;
					};
				};
			};
			buildConfigurationList = DDFFC8C01EE060A700849F4A /* Build configuration list for PBXProject "Common" */;
			compatibilityVersion = "Xcode 3.2";
			developmentRegion = English;
			hasScannedForEncodings = 0;
			knownRegions = (
				en,
				Base,
			);
			mainGroup = DDFFC8BC1EE060A700849F4A;
			productRefGroup = DDFFC8C61EE060A700849F4A /* Products */;
			projectDirPath = "";
			projectRoot = "";
			targets = (
				DDFFC8C41EE060A700849F4A /* Common */,
				DDFFC8DD1EE060A700849F4A /* CommonTests */,
				DDFFC8E81EE060A800849F4A /* CommonUITests */,
			);
		};
/* End PBXProject section */

/* Begin PBXResourcesBuildPhase section */
		DDFFC8C31EE060A700849F4A /* Resources */ = {
			isa = PBXResourcesBuildPhase;
			buildActionMask = 2147483647;
			files = (
				DDFFC8D81EE060A700849F4A /* LaunchScreen.storyboard in Resources */,
				DDFFC8D51EE060A700849F4A /* Assets.xcassets in Resources */,
				DDFFC8D31EE060A700849F4A /* Main.storyboard in Resources */,
			);
			runOnlyForDeploymentPostprocessing = 0;
		};
		DDFFC8DC1EE060A700849F4A /* Resources */ = {
			isa = PBXResourcesBuildPhase;
			buildActionMask = 2147483647;
			files = (
			);
			runOnlyForDeploymentPostprocessing = 0;
		};
		DDFFC8E71EE060A800849F4A /* Resources */ = {
			isa = PBXResourcesBuildPhase;
			buildActionMask = 2147483647;
			files = (
			);
			runOnlyForDeploymentPostprocessing = 0;
		};
/* End PBXResourcesBuildPhase section */

/* Begin PBXSourcesBuildPhase section */
		DDFFC8C11EE060A700849F4A /* Sources */ = {
			isa = PBXSourcesBuildPhase;
			buildActionMask = 2147483647;
			files = (
				DDA59B261EE15F5200709C47 /* View+MASAdditions.m in Sources */,
				DDA59B031EE15DEC00709C47 /* LabelCell.m in Sources */,
				DDA59B321EE1667000709C47 /* UITableView+FDKeyedHeightCache.m in Sources */,
				DDA59AFF1EE159CF00709C47 /* BaseModel.m in Sources */,
				DD99A5FB1EE55E190054596F /* TableViewHeader.m in Sources */,
				DDFFC8D01EE060A700849F4A /* ViewController.m in Sources */,
				DDFFC8FE1EE0611600849F4A /* BaseViewController.m in Sources */,
				DDFFC8CD1EE060A700849F4A /* AppDelegate.m in Sources */,
				DDA59B271EE15F5200709C47 /* ViewController+MASAdditions.m in Sources */,
				DD99A5F51EE5521D0054596F /* LabelTFCell.m in Sources */,
				DDA59B221EE15F5200709C47 /* MASViewAttribute.m in Sources */,
				DD99A5F81EE55BE40054596F /* BaseTableViewHeaderFooter.m in Sources */,
				DDA59B1E1EE15F5200709C47 /* MASCompositeConstraint.m in Sources */,
				DDFFC8CA1EE060A700849F4A /* main.m in Sources */,
				DDA59AFC1EE157FA00709C47 /* BaseCollectionViewItem.m in Sources */,
				DDA59B331EE1667000709C47 /* UITableView+FDTemplateLayoutCell.m in Sources */,
				DDA59B201EE15F5200709C47 /* MASConstraintMaker.m in Sources */,
				DDA59B1F1EE15F5200709C47 /* MASConstraint.m in Sources */,
				DDA59B251EE15F5200709C47 /* NSLayoutConstraint+MASDebugAdditions.m in Sources */,
				DDA59B211EE15F5200709C47 /* MASLayoutConstraint.m in Sources */,
				DDA59B341EE1667000709C47 /* UITableView+FDTemplateLayoutCellDebug.m in Sources */,
				DDA59B311EE1667000709C47 /* UITableView+FDIndexPathHeightCache.m in Sources */,
				DDA59B241EE15F5200709C47 /* NSArray+MASAdditions.m in Sources */,
				DDA59B371EE1680600709C47 /* ButtonCell.m in Sources */,
				DDFFC9041EE0618E00849F4A /* BaseTabBarController.m in Sources */,
				DDA59AF61EE1571E00709C47 /* BaseTableViewCell.m in Sources */,
				DDFFC9011EE0616E00849F4A /* BaseNavigationController.m in Sources */,
				DDA59B231EE15F5200709C47 /* MASViewConstraint.m in Sources */,
			);
			runOnlyForDeploymentPostprocessing = 0;
		};
		DDFFC8DA1EE060A700849F4A /* Sources */ = {
			isa = PBXSourcesBuildPhase;
			buildActionMask = 2147483647;
			files = (
				DDFFC8E31EE060A700849F4A /* CommonTests.m in Sources */,
			);
			runOnlyForDeploymentPostprocessing = 0;
		};
		DDFFC8E51EE060A800849F4A /* Sources */ = {
			isa = PBXSourcesBuildPhase;
			buildActionMask = 2147483647;
			files = (
				DDFFC8EE1EE060A800849F4A /* CommonUITests.m in Sources */,
			);
			runOnlyForDeploymentPostprocessing = 0;
		};
/* End PBXSourcesBuildPhase section */

/* Begin PBXTargetDependency section */
		DDFFC8E01EE060A700849F4A /* PBXTargetDependency */ = {
			isa = PBXTargetDependency;
			target = DDFFC8C41EE060A700849F4A /* Common */;
			targetProxy = DDFFC8DF1EE060A700849F4A /* PBXContainerItemProxy */;
		};
		DDFFC8EB1EE060A800849F4A /* PBXTargetDependency */ = {
			isa = PBXTargetDependency;
			target = DDFFC8C41EE060A700849F4A /* Common */;
			targetProxy = DDFFC8EA1EE060A800849F4A /* PBXContainerItemProxy */;
		};
/* End PBXTargetDependency section */

/* Begin PBXVariantGroup section */
		DDFFC8D11EE060A700849F4A /* Main.storyboard */ = {
			isa = PBXVariantGroup;
			children = (
				DDFFC8D21EE060A700849F4A /* Base */,
			);
			name = Main.storyboard;
			sourceTree = "<group>";
		};
		DDFFC8D61EE060A700849F4A /* LaunchScreen.storyboard */ = {
			isa = PBXVariantGroup;
			children = (
				DDFFC8D71EE060A700849F4A /* Base */,
			);
			name = LaunchScreen.storyboard;
			sourceTree = "<group>";
		};
/* End PBXVariantGroup section */

/* Begin XCBuildConfiguration section */
		DDFFC8F01EE060A800849F4A /* Debug */ = {
			isa = XCBuildConfiguration;
			buildSettings = {
				ALWAYS_SEARCH_USER_PATHS = NO;
				CLANG_ANALYZER_NONNULL = YES;
				CLANG_ANALYZER_NUMBER_OBJECT_CONVERSION = YES_AGGRESSIVE;
				CLANG_CXX_LANGUAGE_STANDARD = "gnu++0x";
				CLANG_CXX_LIBRARY = "libc++";
				CLANG_ENABLE_MODULES = YES;
				CLANG_ENABLE_OBJC_ARC = YES;
				CLANG_WARN_BOOL_CONVERSION = YES;
				CLANG_WARN_CONSTANT_CONVERSION = YES;
				CLANG_WARN_DIRECT_OBJC_ISA_USAGE = YES_ERROR;
				CLANG_WARN_DOCUMENTATION_COMMENTS = YES;
				CLANG_WARN_EMPTY_BODY = YES;
				CLANG_WARN_ENUM_CONVERSION = YES;
				CLANG_WARN_INFINITE_RECURSION = YES;
				CLANG_WARN_INT_CONVERSION = YES;
				CLANG_WARN_OBJC_ROOT_CLASS = YES_ERROR;
				CLANG_WARN_SUSPICIOUS_MOVE = YES;
				CLANG_WARN_UNREACHABLE_CODE = YES;
				CLANG_WARN__DUPLICATE_METHOD_MATCH = YES;
				"CODE_SIGN_IDENTITY[sdk=iphoneos*]" = "iPhone Developer";
				COPY_PHASE_STRIP = NO;
				DEBUG_INFORMATION_FORMAT = dwarf;
				ENABLE_STRICT_OBJC_MSGSEND = YES;
				ENABLE_TESTABILITY = YES;
				GCC_C_LANGUAGE_STANDARD = gnu99;
				GCC_DYNAMIC_NO_PIC = NO;
				GCC_NO_COMMON_BLOCKS = YES;
				GCC_OPTIMIZATION_LEVEL = 0;
				GCC_PREPROCESSOR_DEFINITIONS = (
					"DEBUG=1",
					"$(inherited)",
				);
				GCC_WARN_64_TO_32_BIT_CONVERSION = YES;
				GCC_WARN_ABOUT_RETURN_TYPE = YES_ERROR;
				GCC_WARN_UNDECLARED_SELECTOR = YES;
				GCC_WARN_UNINITIALIZED_AUTOS = YES_AGGRESSIVE;
				GCC_WARN_UNUSED_FUNCTION = YES;
				GCC_WARN_UNUSED_VARIABLE = YES;
				IPHONEOS_DEPLOYMENT_TARGET = 10.3;
				MTL_ENABLE_DEBUG_INFO = YES;
				ONLY_ACTIVE_ARCH = YES;
				SDKROOT = iphoneos;
				TARGETED_DEVICE_FAMILY = "1,2";
			};
			name = Debug;
		};
		DDFFC8F11EE060A800849F4A /* Release */ = {
			isa = XCBuildConfiguration;
			buildSettings = {
				ALWAYS_SEARCH_USER_PATHS = NO;
				CLANG_ANALYZER_NONNULL = YES;
				CLANG_ANALYZER_NUMBER_OBJECT_CONVERSION = YES_AGGRESSIVE;
				CLANG_CXX_LANGUAGE_STANDARD = "gnu++0x";
				CLANG_CXX_LIBRARY = "libc++";
				CLANG_ENABLE_MODULES = YES;
				CLANG_ENABLE_OBJC_ARC = YES;
				CLANG_WARN_BOOL_CONVERSION = YES;
				CLANG_WARN_CONSTANT_CONVERSION = YES;
				CLANG_WARN_DIRECT_OBJC_ISA_USAGE = YES_ERROR;
				CLANG_WARN_DOCUMENTATION_COMMENTS = YES;
				CLANG_WARN_EMPTY_BODY = YES;
				CLANG_WARN_ENUM_CONVERSION = YES;
				CLANG_WARN_INFINITE_RECURSION = YES;
				CLANG_WARN_INT_CONVERSION = YES;
				CLANG_WARN_OBJC_ROOT_CLASS = YES_ERROR;
				CLANG_WARN_SUSPICIOUS_MOVE = YES;
				CLANG_WARN_UNREACHABLE_CODE = YES;
				CLANG_WARN__DUPLICATE_METHOD_MATCH = YES;
				"CODE_SIGN_IDENTITY[sdk=iphoneos*]" = "iPhone Developer";
				COPY_PHASE_STRIP = NO;
				DEBUG_INFORMATION_FORMAT = "dwarf-with-dsym";
				ENABLE_NS_ASSERTIONS = NO;
				ENABLE_STRICT_OBJC_MSGSEND = YES;
				GCC_C_LANGUAGE_STANDARD = gnu99;
				GCC_NO_COMMON_BLOCKS = YES;
				GCC_WARN_64_TO_32_BIT_CONVERSION = YES;
				GCC_WARN_ABOUT_RETURN_TYPE = YES_ERROR;
				GCC_WARN_UNDECLARED_SELECTOR = YES;
				GCC_WARN_UNINITIALIZED_AUTOS = YES_AGGRESSIVE;
				GCC_WARN_UNUSED_FUNCTION = YES;
				GCC_WARN_UNUSED_VARIABLE = YES;
				IPHONEOS_DEPLOYMENT_TARGET = 10.3;
				MTL_ENABLE_DEBUG_INFO = NO;
				SDKROOT = iphoneos;
				TARGETED_DEVICE_FAMILY = "1,2";
				VALIDATE_PRODUCT = YES;
			};
			name = Release;
		};
		DDFFC8F31EE060A800849F4A /* Debug */ = {
			isa = XCBuildConfiguration;
			buildSettings = {
				ASSETCATALOG_COMPILER_APPICON_NAME = AppIcon;
				DEVELOPMENT_TEAM = QTRV8G9WAU;
				GCC_PREFIX_HEADER = "$(SRCROOT)/CommonExample/PrefixHeader.pch";
				INFOPLIST_FILE = "$(SRCROOT)/CommonExample/Info.plist";
				LD_RUNPATH_SEARCH_PATHS = "$(inherited) @executable_path/Frameworks";
				PRODUCT_BUNDLE_IDENTIFIER = com.dengshunlai.Common;
				PRODUCT_NAME = "$(TARGET_NAME)";
			};
			name = Debug;
		};
		DDFFC8F41EE060A800849F4A /* Release */ = {
			isa = XCBuildConfiguration;
			buildSettings = {
				ASSETCATALOG_COMPILER_APPICON_NAME = AppIcon;
				DEVELOPMENT_TEAM = QTRV8G9WAU;
				GCC_PREFIX_HEADER = "$(SRCROOT)/CommonExample/PrefixHeader.pch";
				INFOPLIST_FILE = "$(SRCROOT)/CommonExample/Info.plist";
				LD_RUNPATH_SEARCH_PATHS = "$(inherited) @executable_path/Frameworks";
				PRODUCT_BUNDLE_IDENTIFIER = com.dengshunlai.Common;
				PRODUCT_NAME = "$(TARGET_NAME)";
			};
			name = Release;
		};
		DDFFC8F61EE060A800849F4A /* Debug */ = {
			isa = XCBuildConfiguration;
			buildSettings = {
				BUNDLE_LOADER = "$(TEST_HOST)";
				DEVELOPMENT_TEAM = QTRV8G9WAU;
				INFOPLIST_FILE = CommonTests/Info.plist;
				LD_RUNPATH_SEARCH_PATHS = "$(inherited) @executable_path/Frameworks @loader_path/Frameworks";
				PRODUCT_BUNDLE_IDENTIFIER = com.dengshunlai.CommonTests;
				PRODUCT_NAME = "$(TARGET_NAME)";
				TEST_HOST = "$(BUILT_PRODUCTS_DIR)/Common.app/Common";
			};
			name = Debug;
		};
		DDFFC8F71EE060A800849F4A /* Release */ = {
			isa = XCBuildConfiguration;
			buildSettings = {
				BUNDLE_LOADER = "$(TEST_HOST)";
				DEVELOPMENT_TEAM = QTRV8G9WAU;
				INFOPLIST_FILE = CommonTests/Info.plist;
				LD_RUNPATH_SEARCH_PATHS = "$(inherited) @executable_path/Frameworks @loader_path/Frameworks";
				PRODUCT_BUNDLE_IDENTIFIER = com.dengshunlai.CommonTests;
				PRODUCT_NAME = "$(TARGET_NAME)";
				TEST_HOST = "$(BUILT_PRODUCTS_DIR)/Common.app/Common";
			};
			name = Release;
		};
		DDFFC8F91EE060A800849F4A /* Debug */ = {
			isa = XCBuildConfiguration;
			buildSettings = {
				DEVELOPMENT_TEAM = QTRV8G9WAU;
				INFOPLIST_FILE = CommonUITests/Info.plist;
				LD_RUNPATH_SEARCH_PATHS = "$(inherited) @executable_path/Frameworks @loader_path/Frameworks";
				PRODUCT_BUNDLE_IDENTIFIER = com.dengshunlai.CommonUITests;
				PRODUCT_NAME = "$(TARGET_NAME)";
				TEST_TARGET_NAME = Common;
			};
			name = Debug;
		};
		DDFFC8FA1EE060A800849F4A /* Release */ = {
			isa = XCBuildConfiguration;
			buildSettings = {
				DEVELOPMENT_TEAM = QTRV8G9WAU;
				INFOPLIST_FILE = CommonUITests/Info.plist;
				LD_RUNPATH_SEARCH_PATHS = "$(inherited) @executable_path/Frameworks @loader_path/Frameworks";
				PRODUCT_BUNDLE_IDENTIFIER = com.dengshunlai.CommonUITests;
				PRODUCT_NAME = "$(TARGET_NAME)";
				TEST_TARGET_NAME = Common;
			};
			name = Release;
		};
/* End XCBuildConfiguration section */

/* Begin XCConfigurationList section */
		DDFFC8C01EE060A700849F4A /* Build configuration list for PBXProject "Common" */ = {
			isa = XCConfigurationList;
			buildConfigurations = (
				DDFFC8F01EE060A800849F4A /* Debug */,
				DDFFC8F11EE060A800849F4A /* Release */,
			);
			defaultConfigurationIsVisible = 0;
			defaultConfigurationName = Release;
		};
		DDFFC8F21EE060A800849F4A /* Build configuration list for PBXNativeTarget "Common" */ = {
			isa = XCConfigurationList;
			buildConfigurations = (
				DDFFC8F31EE060A800849F4A /* Debug */,
				DDFFC8F41EE060A800849F4A /* Release */,
			);
			defaultConfigurationIsVisible = 0;
			defaultConfigurationName = Release;
		};
		DDFFC8F51EE060A800849F4A /* Build configuration list for PBXNativeTarget "CommonTests" */ = {
			isa = XCConfigurationList;
			buildConfigurations = (
				DDFFC8F61EE060A800849F4A /* Debug */,
				DDFFC8F71EE060A800849F4A /* Release */,
			);
			defaultConfigurationIsVisible = 0;
			defaultConfigurationName = Release;
		};
		DDFFC8F81EE060A800849F4A /* Build configuration list for PBXNativeTarget "CommonUITests" */ = {
			isa = XCConfigurationList;
			buildConfigurations = (
				DDFFC8F91EE060A800849F4A /* Debug */,
				DDFFC8FA1EE060A800849F4A /* Release */,
			);
			defaultConfigurationIsVisible = 0;
			defaultConfigurationName = Release;
		};
/* End XCConfigurationList section */
	};
	rootObject = DDFFC8BD1EE060A700849F4A /* Project object */;
}
