// !$*UTF8*$!
{
	archiveVersion = 1;
	classes = {
	};
	objectVersion = 46;
	objects = {

/* Begin PBXBuildFile section */
		DD5646071F020C1E0007A4C2 /* placeholder.png in Resources */ = {isa = PBXBuildFile; fileRef = DD5646061F020C1E0007A4C2 /* placeholder.png */; };
		DD5742E61EEFD0CE00ADF13F /* SViewController.m in Sources */ = {isa = PBXBuildFile; fileRef = DD5742E51EEFD0CE00ADF13F /* SViewController.m */; };
		DD5742F61EEFD56100ADF13F /* BaseCollectionViewItem.m in Sources */ = {isa = PBXBuildFile; fileRef = DD5742E91EEFD56100ADF13F /* BaseCollectionViewItem.m */; };
		DD5742F71EEFD56100ADF13F /* BaseModel.m in Sources */ = {isa = PBXBuildFile; fileRef = DD5742EB1EEFD56100ADF13F /* BaseModel.m */; };
		DD5742F81EEFD56100ADF13F /* BaseNavigationController.m in Sources */ = {isa = PBXBuildFile; fileRef = DD5742ED1EEFD56100ADF13F /* BaseNavigationController.m */; };
		DD5742F91EEFD56100ADF13F /* BaseTabBarController.m in Sources */ = {isa = PBXBuildFile; fileRef = DD5742EF1EEFD56100ADF13F /* BaseTabBarController.m */; };
		DD5742FA1EEFD56100ADF13F /* BaseTableViewCell.m in Sources */ = {isa = PBXBuildFile; fileRef = DD5742F11EEFD56100ADF13F /* BaseTableViewCell.m */; };
		DD5742FB1EEFD56100ADF13F /* BaseTableViewHeaderFooter.m in Sources */ = {isa = PBXBuildFile; fileRef = DD5742F31EEFD56100ADF13F /* BaseTableViewHeaderFooter.m */; };
		DD5742FC1EEFD56100ADF13F /* BaseViewController.m in Sources */ = {isa = PBXBuildFile; fileRef = DD5742F51EEFD56100ADF13F /* BaseViewController.m */; };
		DD57431A1EEFD56A00ADF13F /* ScrollContainerVC.m in Sources */ = {isa = PBXBuildFile; fileRef = DD5743151EEFD56A00ADF13F /* ScrollContainerVC.m */; };
		DD57431B1EEFD56A00ADF13F /* TabContainerVC.m in Sources */ = {isa = PBXBuildFile; fileRef = DD5743171EEFD56A00ADF13F /* TabContainerVC.m */; };
		DD57431C1EEFD56A00ADF13F /* VCItem.m in Sources */ = {isa = PBXBuildFile; fileRef = DD5743191EEFD56A00ADF13F /* VCItem.m */; };
		DD5E7C551EF6C2BB00460D58 /* UITableView+FDIndexPathHeightCache.m in Sources */ = {isa = PBXBuildFile; fileRef = DD5E7C311EF6C2BB00460D58 /* UITableView+FDIndexPathHeightCache.m */; };
		DD5E7C561EF6C2BB00460D58 /* UITableView+FDKeyedHeightCache.m in Sources */ = {isa = PBXBuildFile; fileRef = DD5E7C331EF6C2BB00460D58 /* UITableView+FDKeyedHeightCache.m */; };
		DD5E7C571EF6C2BB00460D58 /* UITableView+FDTemplateLayoutCell.m in Sources */ = {isa = PBXBuildFile; fileRef = DD5E7C351EF6C2BB00460D58 /* UITableView+FDTemplateLayoutCell.m */; };
		DD5E7C581EF6C2BB00460D58 /* UITableView+FDTemplateLayoutCellDebug.m in Sources */ = {isa = PBXBuildFile; fileRef = DD5E7C371EF6C2BB00460D58 /* UITableView+FDTemplateLayoutCellDebug.m */; };
		DD5E7C591EF6C2BB00460D58 /* HMSegmentedControl.m in Sources */ = {isa = PBXBuildFile; fileRef = DD5E7C3A1EF6C2BB00460D58 /* HMSegmentedControl.m */; };
		DD5E7C5A1EF6C2BB00460D58 /* MASCompositeConstraint.m in Sources */ = {isa = PBXBuildFile; fileRef = DD5E7C3D1EF6C2BB00460D58 /* MASCompositeConstraint.m */; };
		DD5E7C5B1EF6C2BB00460D58 /* MASConstraint.m in Sources */ = {isa = PBXBuildFile; fileRef = DD5E7C401EF6C2BB00460D58 /* MASConstraint.m */; };
		DD5E7C5C1EF6C2BB00460D58 /* MASConstraintMaker.m in Sources */ = {isa = PBXBuildFile; fileRef = DD5E7C421EF6C2BB00460D58 /* MASConstraintMaker.m */; };
		DD5E7C5D1EF6C2BB00460D58 /* MASLayoutConstraint.m in Sources */ = {isa = PBXBuildFile; fileRef = DD5E7C441EF6C2BB00460D58 /* MASLayoutConstraint.m */; };
		DD5E7C5E1EF6C2BB00460D58 /* MASViewAttribute.m in Sources */ = {isa = PBXBuildFile; fileRef = DD5E7C481EF6C2BB00460D58 /* MASViewAttribute.m */; };
		DD5E7C5F1EF6C2BB00460D58 /* MASViewConstraint.m in Sources */ = {isa = PBXBuildFile; fileRef = DD5E7C4A1EF6C2BB00460D58 /* MASViewConstraint.m */; };
		DD5E7C601EF6C2BB00460D58 /* NSArray+MASAdditions.m in Sources */ = {isa = PBXBuildFile; fileRef = DD5E7C4C1EF6C2BB00460D58 /* NSArray+MASAdditions.m */; };
		DD5E7C611EF6C2BB00460D58 /* NSLayoutConstraint+MASDebugAdditions.m in Sources */ = {isa = PBXBuildFile; fileRef = DD5E7C4F1EF6C2BB00460D58 /* NSLayoutConstraint+MASDebugAdditions.m */; };
		DD5E7C621EF6C2BB00460D58 /* View+MASAdditions.m in Sources */ = {isa = PBXBuildFile; fileRef = DD5E7C511EF6C2BB00460D58 /* View+MASAdditions.m */; };
		DD5E7C631EF6C2BB00460D58 /* ViewController+MASAdditions.m in Sources */ = {isa = PBXBuildFile; fileRef = DD5E7C541EF6C2BB00460D58 /* ViewController+MASAdditions.m */; };
		DD5E7C671EF6C2F100460D58 /* HTTPRequest.m in Sources */ = {isa = PBXBuildFile; fileRef = DD5E7C661EF6C2F100460D58 /* HTTPRequest.m */; };
		DD5E7C761EF6C33D00460D58 /* AFHTTPSessionManager.m in Sources */ = {isa = PBXBuildFile; fileRef = DD5E7C6A1EF6C33D00460D58 /* AFHTTPSessionManager.m */; };
		DD5E7C771EF6C33D00460D58 /* AFNetworkReachabilityManager.m in Sources */ = {isa = PBXBuildFile; fileRef = DD5E7C6D1EF6C33D00460D58 /* AFNetworkReachabilityManager.m */; };
		DD5E7C781EF6C33D00460D58 /* AFSecurityPolicy.m in Sources */ = {isa = PBXBuildFile; fileRef = DD5E7C6F1EF6C33D00460D58 /* AFSecurityPolicy.m */; };
		DD5E7C791EF6C33D00460D58 /* AFURLRequestSerialization.m in Sources */ = {isa = PBXBuildFile; fileRef = DD5E7C711EF6C33D00460D58 /* AFURLRequestSerialization.m */; };
		DD5E7C7A1EF6C33D00460D58 /* AFURLResponseSerialization.m in Sources */ = {isa = PBXBuildFile; fileRef = DD5E7C731EF6C33D00460D58 /* AFURLResponseSerialization.m */; };
		DD5E7C7B1EF6C33D00460D58 /* AFURLSessionManager.m in Sources */ = {isa = PBXBuildFile; fileRef = DD5E7C751EF6C33D00460D58 /* AFURLSessionManager.m */; };
		DD61F32B1EF13D9E00693BBB /* CodeStore.m in Sources */ = {isa = PBXBuildFile; fileRef = DD61F32A1EF13D9E00693BBB /* CodeStore.m */; };
		DD69F7311EFA6E04005B0510 /* AppInit.m in Sources */ = {isa = PBXBuildFile; fileRef = DD69F7301EFA6E04005B0510 /* AppInit.m */; };
		DD70CE3A1EFB93F9002575D7 /* MJExtensionConst.m in Sources */ = {isa = PBXBuildFile; fileRef = DD70CE271EFB93F9002575D7 /* MJExtensionConst.m */; };
		DD70CE3B1EFB93F9002575D7 /* MJFoundation.m in Sources */ = {isa = PBXBuildFile; fileRef = DD70CE291EFB93F9002575D7 /* MJFoundation.m */; };
		DD70CE3C1EFB93F9002575D7 /* MJProperty.m in Sources */ = {isa = PBXBuildFile; fileRef = DD70CE2B1EFB93F9002575D7 /* MJProperty.m */; };
		DD70CE3D1EFB93F9002575D7 /* MJPropertyKey.m in Sources */ = {isa = PBXBuildFile; fileRef = DD70CE2D1EFB93F9002575D7 /* MJPropertyKey.m */; };
		DD70CE3E1EFB93F9002575D7 /* MJPropertyType.m in Sources */ = {isa = PBXBuildFile; fileRef = DD70CE2F1EFB93F9002575D7 /* MJPropertyType.m */; };
		DD70CE3F1EFB93F9002575D7 /* NSObject+MJClass.m in Sources */ = {isa = PBXBuildFile; fileRef = DD70CE311EFB93F9002575D7 /* NSObject+MJClass.m */; };
		DD70CE401EFB93F9002575D7 /* NSObject+MJCoding.m in Sources */ = {isa = PBXBuildFile; fileRef = DD70CE331EFB93F9002575D7 /* NSObject+MJCoding.m */; };
		DD70CE411EFB93F9002575D7 /* NSObject+MJKeyValue.m in Sources */ = {isa = PBXBuildFile; fileRef = DD70CE351EFB93F9002575D7 /* NSObject+MJKeyValue.m */; };
		DD70CE421EFB93F9002575D7 /* NSObject+MJProperty.m in Sources */ = {isa = PBXBuildFile; fileRef = DD70CE371EFB93F9002575D7 /* NSObject+MJProperty.m */; };
		DD70CE431EFB93F9002575D7 /* NSString+MJExtension.m in Sources */ = {isa = PBXBuildFile; fileRef = DD70CE391EFB93F9002575D7 /* NSString+MJExtension.m */; };
		DD70CE661EFB9406002575D7 /* MKAnnotationView+WebCache.m in Sources */ = {isa = PBXBuildFile; fileRef = DD70CE461EFB9405002575D7 /* MKAnnotationView+WebCache.m */; };
		DD70CE671EFB9406002575D7 /* NSData+ImageContentType.m in Sources */ = {isa = PBXBuildFile; fileRef = DD70CE481EFB9405002575D7 /* NSData+ImageContentType.m */; };
		DD70CE681EFB9406002575D7 /* SDImageCache.m in Sources */ = {isa = PBXBuildFile; fileRef = DD70CE4A1EFB9405002575D7 /* SDImageCache.m */; };
		DD70CE691EFB9406002575D7 /* SDWebImageCompat.m in Sources */ = {isa = PBXBuildFile; fileRef = DD70CE4C1EFB9405002575D7 /* SDWebImageCompat.m */; };
		DD70CE6A1EFB9406002575D7 /* SDWebImageDecoder.m in Sources */ = {isa = PBXBuildFile; fileRef = DD70CE4E1EFB9405002575D7 /* SDWebImageDecoder.m */; };
		DD70CE6B1EFB9406002575D7 /* SDWebImageDownloader.m in Sources */ = {isa = PBXBuildFile; fileRef = DD70CE501EFB9405002575D7 /* SDWebImageDownloader.m */; };
		DD70CE6C1EFB9406002575D7 /* SDWebImageDownloaderOperation.m in Sources */ = {isa = PBXBuildFile; fileRef = DD70CE521EFB9405002575D7 /* SDWebImageDownloaderOperation.m */; };
		DD70CE6D1EFB9406002575D7 /* SDWebImageManager.m in Sources */ = {isa = PBXBuildFile; fileRef = DD70CE541EFB9405002575D7 /* SDWebImageManager.m */; };
		DD70CE6E1EFB9406002575D7 /* SDWebImagePrefetcher.m in Sources */ = {isa = PBXBuildFile; fileRef = DD70CE571EFB9405002575D7 /* SDWebImagePrefetcher.m */; };
		DD70CE6F1EFB9406002575D7 /* UIButton+WebCache.m in Sources */ = {isa = PBXBuildFile; fileRef = DD70CE591EFB9406002575D7 /* UIButton+WebCache.m */; };
		DD70CE701EFB9406002575D7 /* UIImage+GIF.m in Sources */ = {isa = PBXBuildFile; fileRef = DD70CE5B1EFB9406002575D7 /* UIImage+GIF.m */; };
		DD70CE711EFB9406002575D7 /* UIImage+MultiFormat.m in Sources */ = {isa = PBXBuildFile; fileRef = DD70CE5D1EFB9406002575D7 /* UIImage+MultiFormat.m */; };
		DD70CE721EFB9406002575D7 /* UIImage+WebP.m in Sources */ = {isa = PBXBuildFile; fileRef = DD70CE5F1EFB9406002575D7 /* UIImage+WebP.m */; };
		DD70CE731EFB9406002575D7 /* UIImageView+HighlightedWebCache.m in Sources */ = {isa = PBXBuildFile; fileRef = DD70CE611EFB9406002575D7 /* UIImageView+HighlightedWebCache.m */; };
		DD70CE741EFB9406002575D7 /* UIImageView+WebCache.m in Sources */ = {isa = PBXBuildFile; fileRef = DD70CE631EFB9406002575D7 /* UIImageView+WebCache.m */; };
		DD70CE751EFB9406002575D7 /* UIView+WebCacheOperation.m in Sources */ = {isa = PBXBuildFile; fileRef = DD70CE651EFB9406002575D7 /* UIView+WebCacheOperation.m */; };
		DD7272B01EF91D750050856D /* UserModel.m in Sources */ = {isa = PBXBuildFile; fileRef = DD7272AF1EF91D750050856D /* UserModel.m */; };
		DD7272B81EF91D920050856D /* DSLArchiver.m in Sources */ = {isa = PBXBuildFile; fileRef = DD7272B31EF91D920050856D /* DSLArchiver.m */; };
		DD7272B91EF91D920050856D /* DSLIvar.m in Sources */ = {isa = PBXBuildFile; fileRef = DD7272B51EF91D920050856D /* DSLIvar.m */; };
		DD7272BA1EF91D920050856D /* NSObject+DSLCoding.m in Sources */ = {isa = PBXBuildFile; fileRef = DD7272B71EF91D920050856D /* NSObject+DSLCoding.m */; };
		DD7B2A141F2B4046006541C9 /* ButtonCell.m in Sources */ = {isa = PBXBuildFile; fileRef = DD7B2A051F2B4046006541C9 /* ButtonCell.m */; };
		DD7B2A151F2B4046006541C9 /* IconLabelCell.m in Sources */ = {isa = PBXBuildFile; fileRef = DD7B2A071F2B4046006541C9 /* IconLabelCell.m */; };
		DD7B2A161F2B4046006541C9 /* IconTFCell.m in Sources */ = {isa = PBXBuildFile; fileRef = DD7B2A091F2B4046006541C9 /* IconTFCell.m */; };
		DD7B2A171F2B4046006541C9 /* LabelCell.m in Sources */ = {isa = PBXBuildFile; fileRef = DD7B2A0B1F2B4046006541C9 /* LabelCell.m */; };
		DD7B2A181F2B4046006541C9 /* LabelTFCell.m in Sources */ = {isa = PBXBuildFile; fileRef = DD7B2A0D1F2B4046006541C9 /* LabelTFCell.m */; };
		DD7B2A191F2B4046006541C9 /* TableViewHeader.m in Sources */ = {isa = PBXBuildFile; fileRef = DD7B2A0F1F2B4046006541C9 /* TableViewHeader.m */; };
		DD7B2A1A1F2B4046006541C9 /* TextFieldCell.m in Sources */ = {isa = PBXBuildFile; fileRef = DD7B2A111F2B4046006541C9 /* TextFieldCell.m */; };
		DD7B2A1B1F2B4046006541C9 /* TextViewCell.m in Sources */ = {isa = PBXBuildFile; fileRef = DD7B2A131F2B4046006541C9 /* TextViewCell.m */; };
		DD7B2A1E1F2B415B006541C9 /* CollectionViewController.m in Sources */ = {isa = PBXBuildFile; fileRef = DD7B2A1D1F2B415B006541C9 /* CollectionViewController.m */; };
		DD7B2A211F2B473F006541C9 /* LabelItem.m in Sources */ = {isa = PBXBuildFile; fileRef = DD7B2A201F2B473F006541C9 /* LabelItem.m */; };
		DDECD8DC1EEBF491002B3367 /* TViewController.m in Sources */ = {isa = PBXBuildFile; fileRef = DDECD8DB1EEBF491002B3367 /* TViewController.m */; };
		DDECD8DF1EEC04EE002B3367 /* AViewController.m in Sources */ = {isa = PBXBuildFile; fileRef = DDECD8DE1EEC04EE002B3367 /* AViewController.m */; };
		DDECD8E21EEC04F4002B3367 /* BViewController.m in Sources */ = {isa = PBXBuildFile; fileRef = DDECD8E11EEC04F4002B3367 /* BViewController.m */; };
		DDECD8E51EEC04FF002B3367 /* CViewController.m in Sources */ = {isa = PBXBuildFile; fileRef = DDECD8E41EEC04FF002B3367 /* CViewController.m */; };
		DDFFC8CA1EE060A700849F4A /* main.m in Sources */ = {isa = PBXBuildFile; fileRef = DDFFC8C91EE060A700849F4A /* main.m */; };
		DDFFC8CD1EE060A700849F4A /* AppDelegate.m in Sources */ = {isa = PBXBuildFile; fileRef = DDFFC8CC1EE060A700849F4A /* AppDelegate.m */; };
		DDFFC8D01EE060A700849F4A /* ViewController.m in Sources */ = {isa = PBXBuildFile; fileRef = DDFFC8CF1EE060A700849F4A /* ViewController.m */; };
		DDFFC8D51EE060A700849F4A /* Assets.xcassets in Resources */ = {isa = PBXBuildFile; fileRef = DDFFC8D41EE060A700849F4A /* Assets.xcassets */; };
		DDFFC8D81EE060A700849F4A /* LaunchScreen.storyboard in Resources */ = {isa = PBXBuildFile; fileRef = DDFFC8D61EE060A700849F4A /* LaunchScreen.storyboard */; };
		DDFFC8E31EE060A700849F4A /* CommonTests.m in Sources */ = {isa = PBXBuildFile; fileRef = DDFFC8E21EE060A700849F4A /* CommonTests.m */; };
		DDFFC8EE1EE060A800849F4A /* CommonUITests.m in Sources */ = {isa = PBXBuildFile; fileRef = DDFFC8ED1EE060A800849F4A /* CommonUITests.m */; };
/* End PBXBuildFile section */

/* Begin PBXContainerItemProxy section */
		DDFFC8DF1EE060A700849F4A /* PBXContainerItemProxy */ = {
			isa = PBXContainerItemProxy;
			containerPortal = DDFFC8BD1EE060A700849F4A /* Project object */;
			proxyType = 1;
			remoteGlobalIDString = DDFFC8C41EE060A700849F4A;
			remoteInfo = Common;
		};
		DDFFC8EA1EE060A800849F4A /* PBXContainerItemProxy */ = {
			isa = PBXContainerItemProxy;
			containerPortal = DDFFC8BD1EE060A700849F4A /* Project object */;
			proxyType = 1;
			remoteGlobalIDString = DDFFC8C41EE060A700849F4A;
			remoteInfo = Common;
		};
/* End PBXContainerItemProxy section */

/* Begin PBXFileReference section */
		DD5646061F020C1E0007A4C2 /* placeholder.png */ = {isa = PBXFileReference; lastKnownFileType = image.png; path = placeholder.png; sourceTree = "<group>"; };
		DD5742E41EEFD0CE00ADF13F /* SViewController.h */ = {isa = PBXFileReference; fileEncoding = 4; lastKnownFileType = sourcecode.c.h; path = SViewController.h; sourceTree = "<group>"; };
		DD5742E51EEFD0CE00ADF13F /* SViewController.m */ = {isa = PBXFileReference; fileEncoding = 4; lastKnownFileType = sourcecode.c.objc; path = SViewController.m; sourceTree = "<group>"; };
		DD5742E81EEFD56100ADF13F /* BaseCollectionViewItem.h */ = {isa = PBXFileReference; fileEncoding = 4; lastKnownFileType = sourcecode.c.h; path = BaseCollectionViewItem.h; sourceTree = "<group>"; };
		DD5742E91EEFD56100ADF13F /* BaseCollectionViewItem.m */ = {isa = PBXFileReference; fileEncoding = 4; lastKnownFileType = sourcecode.c.objc; path = BaseCollectionViewItem.m; sourceTree = "<group>"; };
		DD5742EA1EEFD56100ADF13F /* BaseModel.h */ = {isa = PBXFileReference; fileEncoding = 4; lastKnownFileType = sourcecode.c.h; path = BaseModel.h; sourceTree = "<group>"; };
		DD5742EB1EEFD56100ADF13F /* BaseModel.m */ = {isa = PBXFileReference; fileEncoding = 4; lastKnownFileType = sourcecode.c.objc; path = BaseModel.m; sourceTree = "<group>"; };
		DD5742EC1EEFD56100ADF13F /* BaseNavigationController.h */ = {isa = PBXFileReference; fileEncoding = 4; lastKnownFileType = sourcecode.c.h; path = BaseNavigationController.h; sourceTree = "<group>"; };
		DD5742ED1EEFD56100ADF13F /* BaseNavigationController.m */ = {isa = PBXFileReference; fileEncoding = 4; lastKnownFileType = sourcecode.c.objc; path = BaseNavigationController.m; sourceTree = "<group>"; };
		DD5742EE1EEFD56100ADF13F /* BaseTabBarController.h */ = {isa = PBXFileReference; fileEncoding = 4; lastKnownFileType = sourcecode.c.h; path = BaseTabBarController.h; sourceTree = "<group>"; };
		DD5742EF1EEFD56100ADF13F /* BaseTabBarController.m */ = {isa = PBXFileReference; fileEncoding = 4; lastKnownFileType = sourcecode.c.objc; path = BaseTabBarController.m; sourceTree = "<group>"; };
		DD5742F01EEFD56100ADF13F /* BaseTableViewCell.h */ = {isa = PBXFileReference; fileEncoding = 4; lastKnownFileType = sourcecode.c.h; path = BaseTableViewCell.h; sourceTree = "<group>"; };
		DD5742F11EEFD56100ADF13F /* BaseTableViewCell.m */ = {isa = PBXFileReference; fileEncoding = 4; lastKnownFileType = sourcecode.c.objc; path = BaseTableViewCell.m; sourceTree = "<group>"; };
		DD5742F21EEFD56100ADF13F /* BaseTableViewHeaderFooter.h */ = {isa = PBXFileReference; fileEncoding = 4; lastKnownFileType = sourcecode.c.h; path = BaseTableViewHeaderFooter.h; sourceTree = "<group>"; };
		DD5742F31EEFD56100ADF13F /* BaseTableViewHeaderFooter.m */ = {isa = PBXFileReference; fileEncoding = 4; lastKnownFileType = sourcecode.c.objc; path = BaseTableViewHeaderFooter.m; sourceTree = "<group>"; };
		DD5742F41EEFD56100ADF13F /* BaseViewController.h */ = {isa = PBXFileReference; fileEncoding = 4; lastKnownFileType = sourcecode.c.h; path = BaseViewController.h; sourceTree = "<group>"; };
		DD5742F51EEFD56100ADF13F /* BaseViewController.m */ = {isa = PBXFileReference; fileEncoding = 4; lastKnownFileType = sourcecode.c.objc; path = BaseViewController.m; sourceTree = "<group>"; };
		DD5743141EEFD56A00ADF13F /* ScrollContainerVC.h */ = {isa = PBXFileReference; fileEncoding = 4; lastKnownFileType = sourcecode.c.h; path = ScrollContainerVC.h; sourceTree = "<group>"; };
		DD5743151EEFD56A00ADF13F /* ScrollContainerVC.m */ = {isa = PBXFileReference; fileEncoding = 4; lastKnownFileType = sourcecode.c.objc; path = ScrollContainerVC.m; sourceTree = "<group>"; };
		DD5743161EEFD56A00ADF13F /* TabContainerVC.h */ = {isa = PBXFileReference; fileEncoding = 4; lastKnownFileType = sourcecode.c.h; path = TabContainerVC.h; sourceTree = "<group>"; };
		DD5743171EEFD56A00ADF13F /* TabContainerVC.m */ = {isa = PBXFileReference; fileEncoding = 4; lastKnownFileType = sourcecode.c.objc; path = TabContainerVC.m; sourceTree = "<group>"; };
		DD5743181EEFD56A00ADF13F /* VCItem.h */ = {isa = PBXFileReference; fileEncoding = 4; lastKnownFileType = sourcecode.c.h; path = VCItem.h; sourceTree = "<group>"; };
		DD5743191EEFD56A00ADF13F /* VCItem.m */ = {isa = PBXFileReference; fileEncoding = 4; lastKnownFileType = sourcecode.c.objc; path = VCItem.m; sourceTree = "<group>"; };
		DD5E7C301EF6C2BB00460D58 /* UITableView+FDIndexPathHeightCache.h */ = {isa = PBXFileReference; fileEncoding = 4; lastKnownFileType = sourcecode.c.h; path = "UITableView+FDIndexPathHeightCache.h"; sourceTree = "<group>"; };
		DD5E7C311EF6C2BB00460D58 /* UITableView+FDIndexPathHeightCache.m */ = {isa = PBXFileReference; fileEncoding = 4; lastKnownFileType = sourcecode.c.objc; path = "UITableView+FDIndexPathHeightCache.m"; sourceTree = "<group>"; };
		DD5E7C321EF6C2BB00460D58 /* UITableView+FDKeyedHeightCache.h */ = {isa = PBXFileReference; fileEncoding = 4; lastKnownFileType = sourcecode.c.h; path = "UITableView+FDKeyedHeightCache.h"; sourceTree = "<group>"; };
		DD5E7C331EF6C2BB00460D58 /* UITableView+FDKeyedHeightCache.m */ = {isa = PBXFileReference; fileEncoding = 4; lastKnownFileType = sourcecode.c.objc; path = "UITableView+FDKeyedHeightCache.m"; sourceTree = "<group>"; };
		DD5E7C341EF6C2BB00460D58 /* UITableView+FDTemplateLayoutCell.h */ = {isa = PBXFileReference; fileEncoding = 4; lastKnownFileType = sourcecode.c.h; path = "UITableView+FDTemplateLayoutCell.h"; sourceTree = "<group>"; };
		DD5E7C351EF6C2BB00460D58 /* UITableView+FDTemplateLayoutCell.m */ = {isa = PBXFileReference; fileEncoding = 4; lastKnownFileType = sourcecode.c.objc; path = "UITableView+FDTemplateLayoutCell.m"; sourceTree = "<group>"; };
		DD5E7C361EF6C2BB00460D58 /* UITableView+FDTemplateLayoutCellDebug.h */ = {isa = PBXFileReference; fileEncoding = 4; lastKnownFileType = sourcecode.c.h; path = "UITableView+FDTemplateLayoutCellDebug.h"; sourceTree = "<group>"; };
		DD5E7C371EF6C2BB00460D58 /* UITableView+FDTemplateLayoutCellDebug.m */ = {isa = PBXFileReference; fileEncoding = 4; lastKnownFileType = sourcecode.c.objc; path = "UITableView+FDTemplateLayoutCellDebug.m"; sourceTree = "<group>"; };
		DD5E7C391EF6C2BB00460D58 /* HMSegmentedControl.h */ = {isa = PBXFileReference; fileEncoding = 4; lastKnownFileType = sourcecode.c.h; path = HMSegmentedControl.h; sourceTree = "<group>"; };
		DD5E7C3A1EF6C2BB00460D58 /* HMSegmentedControl.m */ = {isa = PBXFileReference; fileEncoding = 4; lastKnownFileType = sourcecode.c.objc; path = HMSegmentedControl.m; sourceTree = "<group>"; };
		DD5E7C3C1EF6C2BB00460D58 /* MASCompositeConstraint.h */ = {isa = PBXFileReference; fileEncoding = 4; lastKnownFileType = sourcecode.c.h; path = MASCompositeConstraint.h; sourceTree = "<group>"; };
		DD5E7C3D1EF6C2BB00460D58 /* MASCompositeConstraint.m */ = {isa = PBXFileReference; fileEncoding = 4; lastKnownFileType = sourcecode.c.objc; path = MASCompositeConstraint.m; sourceTree = "<group>"; };
		DD5E7C3E1EF6C2BB00460D58 /* MASConstraint+Private.h */ = {isa = PBXFileReference; fileEncoding = 4; lastKnownFileType = sourcecode.c.h; path = "MASConstraint+Private.h"; sourceTree = "<group>"; };
		DD5E7C3F1EF6C2BB00460D58 /* MASConstraint.h */ = {isa = PBXFileReference; fileEncoding = 4; lastKnownFileType = sourcecode.c.h; path = MASConstraint.h; sourceTree = "<group>"; };
		DD5E7C401EF6C2BB00460D58 /* MASConstraint.m */ = {isa = PBXFileReference; fileEncoding = 4; lastKnownFileType = sourcecode.c.objc; path = MASConstraint.m; sourceTree = "<group>"; };
		DD5E7C411EF6C2BB00460D58 /* MASConstraintMaker.h */ = {isa = PBXFileReference; fileEncoding = 4; lastKnownFileType = sourcecode.c.h; path = MASConstraintMaker.h; sourceTree = "<group>"; };
		DD5E7C421EF6C2BB00460D58 /* MASConstraintMaker.m */ = {isa = PBXFileReference; fileEncoding = 4; lastKnownFileType = sourcecode.c.objc; path = MASConstraintMaker.m; sourceTree = "<group>"; };
		DD5E7C431EF6C2BB00460D58 /* MASLayoutConstraint.h */ = {isa = PBXFileReference; fileEncoding = 4; lastKnownFileType = sourcecode.c.h; path = MASLayoutConstraint.h; sourceTree = "<group>"; };
		DD5E7C441EF6C2BB00460D58 /* MASLayoutConstraint.m */ = {isa = PBXFileReference; fileEncoding = 4; lastKnownFileType = sourcecode.c.objc; path = MASLayoutConstraint.m; sourceTree = "<group>"; };
		DD5E7C451EF6C2BB00460D58 /* Masonry.h */ = {isa = PBXFileReference; fileEncoding = 4; lastKnownFileType = sourcecode.c.h; path = Masonry.h; sourceTree = "<group>"; };
		DD5E7C461EF6C2BB00460D58 /* MASUtilities.h */ = {isa = PBXFileReference; fileEncoding = 4; lastKnownFileType = sourcecode.c.h; path = MASUtilities.h; sourceTree = "<group>"; };
		DD5E7C471EF6C2BB00460D58 /* MASViewAttribute.h */ = {isa = PBXFileReference; fileEncoding = 4; lastKnownFileType = sourcecode.c.h; path = MASViewAttribute.h; sourceTree = "<group>"; };
		DD5E7C481EF6C2BB00460D58 /* MASViewAttribute.m */ = {isa = PBXFileReference; fileEncoding = 4; lastKnownFileType = sourcecode.c.objc; path = MASViewAttribute.m; sourceTree = "<group>"; };
		DD5E7C491EF6C2BB00460D58 /* MASViewConstraint.h */ = {isa = PBXFileReference; fileEncoding = 4; lastKnownFileType = sourcecode.c.h; path = MASViewConstraint.h; sourceTree = "<group>"; };
		DD5E7C4A1EF6C2BB00460D58 /* MASViewConstraint.m */ = {isa = PBXFileReference; fileEncoding = 4; lastKnownFileType = sourcecode.c.objc; path = MASViewConstraint.m; sourceTree = "<group>"; };
		DD5E7C4B1EF6C2BB00460D58 /* NSArray+MASAdditions.h */ = {isa = PBXFileReference; fileEncoding = 4; lastKnownFileType = sourcecode.c.h; path = "NSArray+MASAdditions.h"; sourceTree = "<group>"; };
		DD5E7C4C1EF6C2BB00460D58 /* NSArray+MASAdditions.m */ = {isa = PBXFileReference; fileEncoding = 4; lastKnownFileType = sourcecode.c.objc; path = "NSArray+MASAdditions.m"; sourceTree = "<group>"; };
		DD5E7C4D1EF6C2BB00460D58 /* NSArray+MASShorthandAdditions.h */ = {isa = PBXFileReference; fileEncoding = 4; lastKnownFileType = sourcecode.c.h; path = "NSArray+MASShorthandAdditions.h"; sourceTree = "<group>"; };
		DD5E7C4E1EF6C2BB00460D58 /* NSLayoutConstraint+MASDebugAdditions.h */ = {isa = PBXFileReference; fileEncoding = 4; lastKnownFileType = sourcecode.c.h; path = "NSLayoutConstraint+MASDebugAdditions.h"; sourceTree = "<group>"; };
		DD5E7C4F1EF6C2BB00460D58 /* NSLayoutConstraint+MASDebugAdditions.m */ = {isa = PBXFileReference; fileEncoding = 4; lastKnownFileType = sourcecode.c.objc; path = "NSLayoutConstraint+MASDebugAdditions.m"; sourceTree = "<group>"; };
		DD5E7C501EF6C2BB00460D58 /* View+MASAdditions.h */ = {isa = PBXFileReference; fileEncoding = 4; lastKnownFileType = sourcecode.c.h; path = "View+MASAdditions.h"; sourceTree = "<group>"; };
		DD5E7C511EF6C2BB00460D58 /* View+MASAdditions.m */ = {isa = PBXFileReference; fileEncoding = 4; lastKnownFileType = sourcecode.c.objc; path = "View+MASAdditions.m"; sourceTree = "<group>"; };
		DD5E7C521EF6C2BB00460D58 /* View+MASShorthandAdditions.h */ = {isa = PBXFileReference; fileEncoding = 4; lastKnownFileType = sourcecode.c.h; path = "View+MASShorthandAdditions.h"; sourceTree = "<group>"; };
		DD5E7C531EF6C2BB00460D58 /* ViewController+MASAdditions.h */ = {isa = PBXFileReference; fileEncoding = 4; lastKnownFileType = sourcecode.c.h; path = "ViewController+MASAdditions.h"; sourceTree = "<group>"; };
		DD5E7C541EF6C2BB00460D58 /* ViewController+MASAdditions.m */ = {isa = PBXFileReference; fileEncoding = 4; lastKnownFileType = sourcecode.c.objc; path = "ViewController+MASAdditions.m"; sourceTree = "<group>"; };
		DD5E7C641EF6C2F100460D58 /* AppAPI.h */ = {isa = PBXFileReference; fileEncoding = 4; lastKnownFileType = sourcecode.c.h; path = AppAPI.h; sourceTree = "<group>"; };
		DD5E7C651EF6C2F100460D58 /* HTTPRequest.h */ = {isa = PBXFileReference; fileEncoding = 4; lastKnownFileType = sourcecode.c.h; path = HTTPRequest.h; sourceTree = "<group>"; };
		DD5E7C661EF6C2F100460D58 /* HTTPRequest.m */ = {isa = PBXFileReference; fileEncoding = 4; lastKnownFileType = sourcecode.c.objc; path = HTTPRequest.m; sourceTree = "<group>"; };
		DD5E7C691EF6C33D00460D58 /* AFHTTPSessionManager.h */ = {isa = PBXFileReference; fileEncoding = 4; lastKnownFileType = sourcecode.c.h; path = AFHTTPSessionManager.h; sourceTree = "<group>"; };
		DD5E7C6A1EF6C33D00460D58 /* AFHTTPSessionManager.m */ = {isa = PBXFileReference; fileEncoding = 4; lastKnownFileType = sourcecode.c.objc; path = AFHTTPSessionManager.m; sourceTree = "<group>"; };
		DD5E7C6B1EF6C33D00460D58 /* AFNetworking.h */ = {isa = PBXFileReference; fileEncoding = 4; lastKnownFileType = sourcecode.c.h; path = AFNetworking.h; sourceTree = "<group>"; };
		DD5E7C6C1EF6C33D00460D58 /* AFNetworkReachabilityManager.h */ = {isa = PBXFileReference; fileEncoding = 4; lastKnownFileType = sourcecode.c.h; path = AFNetworkReachabilityManager.h; sourceTree = "<group>"; };
		DD5E7C6D1EF6C33D00460D58 /* AFNetworkReachabilityManager.m */ = {isa = PBXFileReference; fileEncoding = 4; lastKnownFileType = sourcecode.c.objc; path = AFNetworkReachabilityManager.m; sourceTree = "<group>"; };
		DD5E7C6E1EF6C33D00460D58 /* AFSecurityPolicy.h */ = {isa = PBXFileReference; fileEncoding = 4; lastKnownFileType = sourcecode.c.h; path = AFSecurityPolicy.h; sourceTree = "<group>"; };
		DD5E7C6F1EF6C33D00460D58 /* AFSecurityPolicy.m */ = {isa = PBXFileReference; fileEncoding = 4; lastKnownFileType = sourcecode.c.objc; path = AFSecurityPolicy.m; sourceTree = "<group>"; };
		DD5E7C701EF6C33D00460D58 /* AFURLRequestSerialization.h */ = {isa = PBXFileReference; fileEncoding = 4; lastKnownFileType = sourcecode.c.h; path = AFURLRequestSerialization.h; sourceTree = "<group>"; };
		DD5E7C711EF6C33D00460D58 /* AFURLRequestSerialization.m */ = {isa = PBXFileReference; fileEncoding = 4; lastKnownFileType = sourcecode.c.objc; path = AFURLRequestSerialization.m; sourceTree = "<group>"; };
		DD5E7C721EF6C33D00460D58 /* AFURLResponseSerialization.h */ = {isa = PBXFileReference; fileEncoding = 4; lastKnownFileType = sourcecode.c.h; path = AFURLResponseSerialization.h; sourceTree = "<group>"; };
		DD5E7C731EF6C33D00460D58 /* AFURLResponseSerialization.m */ = {isa = PBXFileReference; fileEncoding = 4; lastKnownFileType = sourcecode.c.objc; path = AFURLResponseSerialization.m; sourceTree = "<group>"; };
		DD5E7C741EF6C33D00460D58 /* AFURLSessionManager.h */ = {isa = PBXFileReference; fileEncoding = 4; lastKnownFileType = sourcecode.c.h; path = AFURLSessionManager.h; sourceTree = "<group>"; };
		DD5E7C751EF6C33D00460D58 /* AFURLSessionManager.m */ = {isa = PBXFileReference; fileEncoding = 4; lastKnownFileType = sourcecode.c.objc; path = AFURLSessionManager.m; sourceTree = "<group>"; };
		DD61F3291EF13D9E00693BBB /* CodeStore.h */ = {isa = PBXFileReference; fileEncoding = 4; lastKnownFileType = sourcecode.c.h; path = CodeStore.h; sourceTree = "<group>"; };
		DD61F32A1EF13D9E00693BBB /* CodeStore.m */ = {isa = PBXFileReference; fileEncoding = 4; lastKnownFileType = sourcecode.c.objc; path = CodeStore.m; sourceTree = "<group>"; };
		DD69F72F1EFA6E04005B0510 /* AppInit.h */ = {isa = PBXFileReference; fileEncoding = 4; lastKnownFileType = sourcecode.c.h; path = AppInit.h; sourceTree = "<group>"; };
		DD69F7301EFA6E04005B0510 /* AppInit.m */ = {isa = PBXFileReference; fileEncoding = 4; lastKnownFileType = sourcecode.c.objc; path = AppInit.m; sourceTree = "<group>"; };
		DD70CE251EFB93F9002575D7 /* MJExtension.h */ = {isa = PBXFileReference; fileEncoding = 4; lastKnownFileType = sourcecode.c.h; path = MJExtension.h; sourceTree = "<group>"; };
		DD70CE261EFB93F9002575D7 /* MJExtensionConst.h */ = {isa = PBXFileReference; fileEncoding = 4; lastKnownFileType = sourcecode.c.h; path = MJExtensionConst.h; sourceTree = "<group>"; };
		DD70CE271EFB93F9002575D7 /* MJExtensionConst.m */ = {isa = PBXFileReference; fileEncoding = 4; lastKnownFileType = sourcecode.c.objc; path = MJExtensionConst.m; sourceTree = "<group>"; };
		DD70CE281EFB93F9002575D7 /* MJFoundation.h */ = {isa = PBXFileReference; fileEncoding = 4; lastKnownFileType = sourcecode.c.h; path = MJFoundation.h; sourceTree = "<group>"; };
		DD70CE291EFB93F9002575D7 /* MJFoundation.m */ = {isa = PBXFileReference; fileEncoding = 4; lastKnownFileType = sourcecode.c.objc; path = MJFoundation.m; sourceTree = "<group>"; };
		DD70CE2A1EFB93F9002575D7 /* MJProperty.h */ = {isa = PBXFileReference; fileEncoding = 4; lastKnownFileType = sourcecode.c.h; path = MJProperty.h; sourceTree = "<group>"; };
		DD70CE2B1EFB93F9002575D7 /* MJProperty.m */ = {isa = PBXFileReference; fileEncoding = 4; lastKnownFileType = sourcecode.c.objc; path = MJProperty.m; sourceTree = "<group>"; };
		DD70CE2C1EFB93F9002575D7 /* MJPropertyKey.h */ = {isa = PBXFileReference; fileEncoding = 4; lastKnownFileType = sourcecode.c.h; path = MJPropertyKey.h; sourceTree = "<group>"; };
		DD70CE2D1EFB93F9002575D7 /* MJPropertyKey.m */ = {isa = PBXFileReference; fileEncoding = 4; lastKnownFileType = sourcecode.c.objc; path = MJPropertyKey.m; sourceTree = "<group>"; };
		DD70CE2E1EFB93F9002575D7 /* MJPropertyType.h */ = {isa = PBXFileReference; fileEncoding = 4; lastKnownFileType = sourcecode.c.h; path = MJPropertyType.h; sourceTree = "<group>"; };
		DD70CE2F1EFB93F9002575D7 /* MJPropertyType.m */ = {isa = PBXFileReference; fileEncoding = 4; lastKnownFileType = sourcecode.c.objc; path = MJPropertyType.m; sourceTree = "<group>"; };
		DD70CE301EFB93F9002575D7 /* NSObject+MJClass.h */ = {isa = PBXFileReference; fileEncoding = 4; lastKnownFileType = sourcecode.c.h; path = "NSObject+MJClass.h"; sourceTree = "<group>"; };
		DD70CE311EFB93F9002575D7 /* NSObject+MJClass.m */ = {isa = PBXFileReference; fileEncoding = 4; lastKnownFileType = sourcecode.c.objc; path = "NSObject+MJClass.m"; sourceTree = "<group>"; };
		DD70CE321EFB93F9002575D7 /* NSObject+MJCoding.h */ = {isa = PBXFileReference; fileEncoding = 4; lastKnownFileType = sourcecode.c.h; path = "NSObject+MJCoding.h"; sourceTree = "<group>"; };
		DD70CE331EFB93F9002575D7 /* NSObject+MJCoding.m */ = {isa = PBXFileReference; fileEncoding = 4; lastKnownFileType = sourcecode.c.objc; path = "NSObject+MJCoding.m"; sourceTree = "<group>"; };
		DD70CE341EFB93F9002575D7 /* NSObject+MJKeyValue.h */ = {isa = PBXFileReference; fileEncoding = 4; lastKnownFileType = sourcecode.c.h; path = "NSObject+MJKeyValue.h"; sourceTree = "<group>"; };
		DD70CE351EFB93F9002575D7 /* NSObject+MJKeyValue.m */ = {isa = PBXFileReference; fileEncoding = 4; lastKnownFileType = sourcecode.c.objc; path = "NSObject+MJKeyValue.m"; sourceTree = "<group>"; };
		DD70CE361EFB93F9002575D7 /* NSObject+MJProperty.h */ = {isa = PBXFileReference; fileEncoding = 4; lastKnownFileType = sourcecode.c.h; path = "NSObject+MJProperty.h"; sourceTree = "<group>"; };
		DD70CE371EFB93F9002575D7 /* NSObject+MJProperty.m */ = {isa = PBXFileReference; fileEncoding = 4; lastKnownFileType = sourcecode.c.objc; path = "NSObject+MJProperty.m"; sourceTree = "<group>"; };
		DD70CE381EFB93F9002575D7 /* NSString+MJExtension.h */ = {isa = PBXFileReference; fileEncoding = 4; lastKnownFileType = sourcecode.c.h; path = "NSString+MJExtension.h"; sourceTree = "<group>"; };
		DD70CE391EFB93F9002575D7 /* NSString+MJExtension.m */ = {isa = PBXFileReference; fileEncoding = 4; lastKnownFileType = sourcecode.c.objc; path = "NSString+MJExtension.m"; sourceTree = "<group>"; };
		DD70CE451EFB9405002575D7 /* MKAnnotationView+WebCache.h */ = {isa = PBXFileReference; fileEncoding = 4; lastKnownFileType = sourcecode.c.h; path = "MKAnnotationView+WebCache.h"; sourceTree = "<group>"; };
		DD70CE461EFB9405002575D7 /* MKAnnotationView+WebCache.m */ = {isa = PBXFileReference; fileEncoding = 4; lastKnownFileType = sourcecode.c.objc; path = "MKAnnotationView+WebCache.m"; sourceTree = "<group>"; };
		DD70CE471EFB9405002575D7 /* NSData+ImageContentType.h */ = {isa = PBXFileReference; fileEncoding = 4; lastKnownFileType = sourcecode.c.h; path = "NSData+ImageContentType.h"; sourceTree = "<group>"; };
		DD70CE481EFB9405002575D7 /* NSData+ImageContentType.m */ = {isa = PBXFileReference; fileEncoding = 4; lastKnownFileType = sourcecode.c.objc; path = "NSData+ImageContentType.m"; sourceTree = "<group>"; };
		DD70CE491EFB9405002575D7 /* SDImageCache.h */ = {isa = PBXFileReference; fileEncoding = 4; lastKnownFileType = sourcecode.c.h; path = SDImageCache.h; sourceTree = "<group>"; };
		DD70CE4A1EFB9405002575D7 /* SDImageCache.m */ = {isa = PBXFileReference; fileEncoding = 4; lastKnownFileType = sourcecode.c.objc; path = SDImageCache.m; sourceTree = "<group>"; };
		DD70CE4B1EFB9405002575D7 /* SDWebImageCompat.h */ = {isa = PBXFileReference; fileEncoding = 4; lastKnownFileType = sourcecode.c.h; path = SDWebImageCompat.h; sourceTree = "<group>"; };
		DD70CE4C1EFB9405002575D7 /* SDWebImageCompat.m */ = {isa = PBXFileReference; fileEncoding = 4; lastKnownFileType = sourcecode.c.objc; path = SDWebImageCompat.m; sourceTree = "<group>"; };
		DD70CE4D1EFB9405002575D7 /* SDWebImageDecoder.h */ = {isa = PBXFileReference; fileEncoding = 4; lastKnownFileType = sourcecode.c.h; path = SDWebImageDecoder.h; sourceTree = "<group>"; };
		DD70CE4E1EFB9405002575D7 /* SDWebImageDecoder.m */ = {isa = PBXFileReference; fileEncoding = 4; lastKnownFileType = sourcecode.c.objc; path = SDWebImageDecoder.m; sourceTree = "<group>"; };
		DD70CE4F1EFB9405002575D7 /* SDWebImageDownloader.h */ = {isa = PBXFileReference; fileEncoding = 4; lastKnownFileType = sourcecode.c.h; path = SDWebImageDownloader.h; sourceTree = "<group>"; };
		DD70CE501EFB9405002575D7 /* SDWebImageDownloader.m */ = {isa = PBXFileReference; fileEncoding = 4; lastKnownFileType = sourcecode.c.objc; path = SDWebImageDownloader.m; sourceTree = "<group>"; };
		DD70CE511EFB9405002575D7 /* SDWebImageDownloaderOperation.h */ = {isa = PBXFileReference; fileEncoding = 4; lastKnownFileType = sourcecode.c.h; path = SDWebImageDownloaderOperation.h; sourceTree = "<group>"; };
		DD70CE521EFB9405002575D7 /* SDWebImageDownloaderOperation.m */ = {isa = PBXFileReference; fileEncoding = 4; lastKnownFileType = sourcecode.c.objc; path = SDWebImageDownloaderOperation.m; sourceTree = "<group>"; };
		DD70CE531EFB9405002575D7 /* SDWebImageManager.h */ = {isa = PBXFileReference; fileEncoding = 4; lastKnownFileType = sourcecode.c.h; path = SDWebImageManager.h; sourceTree = "<group>"; };
		DD70CE541EFB9405002575D7 /* SDWebImageManager.m */ = {isa = PBXFileReference; fileEncoding = 4; lastKnownFileType = sourcecode.c.objc; path = SDWebImageManager.m; sourceTree = "<group>"; };
		DD70CE551EFB9405002575D7 /* SDWebImageOperation.h */ = {isa = PBXFileReference; fileEncoding = 4; lastKnownFileType = sourcecode.c.h; path = SDWebImageOperation.h; sourceTree = "<group>"; };
		DD70CE561EFB9405002575D7 /* SDWebImagePrefetcher.h */ = {isa = PBXFileReference; fileEncoding = 4; lastKnownFileType = sourcecode.c.h; path = SDWebImagePrefetcher.h; sourceTree = "<group>"; };
		DD70CE571EFB9405002575D7 /* SDWebImagePrefetcher.m */ = {isa = PBXFileReference; fileEncoding = 4; lastKnownFileType = sourcecode.c.objc; path = SDWebImagePrefetcher.m; sourceTree = "<group>"; };
		DD70CE581EFB9406002575D7 /* UIButton+WebCache.h */ = {isa = PBXFileReference; fileEncoding = 4; lastKnownFileType = sourcecode.c.h; path = "UIButton+WebCache.h"; sourceTree = "<group>"; };
		DD70CE591EFB9406002575D7 /* UIButton+WebCache.m */ = {isa = PBXFileReference; fileEncoding = 4; lastKnownFileType = sourcecode.c.objc; path = "UIButton+WebCache.m"; sourceTree = "<group>"; };
		DD70CE5A1EFB9406002575D7 /* UIImage+GIF.h */ = {isa = PBXFileReference; fileEncoding = 4; lastKnownFileType = sourcecode.c.h; path = "UIImage+GIF.h"; sourceTree = "<group>"; };
		DD70CE5B1EFB9406002575D7 /* UIImage+GIF.m */ = {isa = PBXFileReference; fileEncoding = 4; lastKnownFileType = sourcecode.c.objc; path = "UIImage+GIF.m"; sourceTree = "<group>"; };
		DD70CE5C1EFB9406002575D7 /* UIImage+MultiFormat.h */ = {isa = PBXFileReference; fileEncoding = 4; lastKnownFileType = sourcecode.c.h; path = "UIImage+MultiFormat.h"; sourceTree = "<group>"; };
		DD70CE5D1EFB9406002575D7 /* UIImage+MultiFormat.m */ = {isa = PBXFileReference; fileEncoding = 4; lastKnownFileType = sourcecode.c.objc; path = "UIImage+MultiFormat.m"; sourceTree = "<group>"; };
		DD70CE5E1EFB9406002575D7 /* UIImage+WebP.h */ = {isa = PBXFileReference; fileEncoding = 4; lastKnownFileType = sourcecode.c.h; path = "UIImage+WebP.h"; sourceTree = "<group>"; };
		DD70CE5F1EFB9406002575D7 /* UIImage+WebP.m */ = {isa = PBXFileReference; fileEncoding = 4; lastKnownFileType = sourcecode.c.objc; path = "UIImage+WebP.m"; sourceTree = "<group>"; };
		DD70CE601EFB9406002575D7 /* UIImageView+HighlightedWebCache.h */ = {isa = PBXFileReference; fileEncoding = 4; lastKnownFileType = sourcecode.c.h; path = "UIImageView+HighlightedWebCache.h"; sourceTree = "<group>"; };
		DD70CE611EFB9406002575D7 /* UIImageView+HighlightedWebCache.m */ = {isa = PBXFileReference; fileEncoding = 4; lastKnownFileType = sourcecode.c.objc; path = "UIImageView+HighlightedWebCache.m"; sourceTree = "<group>"; };
		DD70CE621EFB9406002575D7 /* UIImageView+WebCache.h */ = {isa = PBXFileReference; fileEncoding = 4; lastKnownFileType = sourcecode.c.h; path = "UIImageView+WebCache.h"; sourceTree = "<group>"; };
		DD70CE631EFB9406002575D7 /* UIImageView+WebCache.m */ = {isa = PBXFileReference; fileEncoding = 4; lastKnownFileType = sourcecode.c.objc; path = "UIImageView+WebCache.m"; sourceTree = "<group>"; };
		DD70CE641EFB9406002575D7 /* UIView+WebCacheOperation.h */ = {isa = PBXFileReference; fileEncoding = 4; lastKnownFileType = sourcecode.c.h; path = "UIView+WebCacheOperation.h"; sourceTree = "<group>"; };
		DD70CE651EFB9406002575D7 /* UIView+WebCacheOperation.m */ = {isa = PBXFileReference; fileEncoding = 4; lastKnownFileType = sourcecode.c.objc; path = "UIView+WebCacheOperation.m"; sourceTree = "<group>"; };
		DD7272AE1EF91D750050856D /* UserModel.h */ = {isa = PBXFileReference; fileEncoding = 4; lastKnownFileType = sourcecode.c.h; path = UserModel.h; sourceTree = "<group>"; };
		DD7272AF1EF91D750050856D /* UserModel.m */ = {isa = PBXFileReference; fileEncoding = 4; lastKnownFileType = sourcecode.c.objc; path = UserModel.m; sourceTree = "<group>"; };
		DD7272B21EF91D920050856D /* DSLArchiver.h */ = {isa = PBXFileReference; fileEncoding = 4; lastKnownFileType = sourcecode.c.h; path = DSLArchiver.h; sourceTree = "<group>"; };
		DD7272B31EF91D920050856D /* DSLArchiver.m */ = {isa = PBXFileReference; fileEncoding = 4; lastKnownFileType = sourcecode.c.objc; path = DSLArchiver.m; sourceTree = "<group>"; };
		DD7272B41EF91D920050856D /* DSLIvar.h */ = {isa = PBXFileReference; fileEncoding = 4; lastKnownFileType = sourcecode.c.h; path = DSLIvar.h; sourceTree = "<group>"; };
		DD7272B51EF91D920050856D /* DSLIvar.m */ = {isa = PBXFileReference; fileEncoding = 4; lastKnownFileType = sourcecode.c.objc; path = DSLIvar.m; sourceTree = "<group>"; };
		DD7272B61EF91D920050856D /* NSObject+DSLCoding.h */ = {isa = PBXFileReference; fileEncoding = 4; lastKnownFileType = sourcecode.c.h; path = "NSObject+DSLCoding.h"; sourceTree = "<group>"; };
		DD7272B71EF91D920050856D /* NSObject+DSLCoding.m */ = {isa = PBXFileReference; fileEncoding = 4; lastKnownFileType = sourcecode.c.objc; path = "NSObject+DSLCoding.m"; sourceTree = "<group>"; };
		DD75A79C1F04E33400EE9DB1 /* IdentifierProtocol.h */ = {isa = PBXFileReference; fileEncoding = 4; lastKnownFileType = sourcecode.c.h; path = IdentifierProtocol.h; sourceTree = "<group>"; };
		DD7B2A041F2B4046006541C9 /* ButtonCell.h */ = {isa = PBXFileReference; fileEncoding = 4; lastKnownFileType = sourcecode.c.h; path = ButtonCell.h; sourceTree = "<group>"; };
		DD7B2A051F2B4046006541C9 /* ButtonCell.m */ = {isa = PBXFileReference; fileEncoding = 4; lastKnownFileType = sourcecode.c.objc; path = ButtonCell.m; sourceTree = "<group>"; };
		DD7B2A061F2B4046006541C9 /* IconLabelCell.h */ = {isa = PBXFileReference; fileEncoding = 4; lastKnownFileType = sourcecode.c.h; path = IconLabelCell.h; sourceTree = "<group>"; };
		DD7B2A071F2B4046006541C9 /* IconLabelCell.m */ = {isa = PBXFileReference; fileEncoding = 4; lastKnownFileType = sourcecode.c.objc; path = IconLabelCell.m; sourceTree = "<group>"; };
		DD7B2A081F2B4046006541C9 /* IconTFCell.h */ = {isa = PBXFileReference; fileEncoding = 4; lastKnownFileType = sourcecode.c.h; path = IconTFCell.h; sourceTree = "<group>"; };
		DD7B2A091F2B4046006541C9 /* IconTFCell.m */ = {isa = PBXFileReference; fileEncoding = 4; lastKnownFileType = sourcecode.c.objc; path = IconTFCell.m; sourceTree = "<group>"; };
		DD7B2A0A1F2B4046006541C9 /* LabelCell.h */ = {isa = PBXFileReference; fileEncoding = 4; lastKnownFileType = sourcecode.c.h; path = LabelCell.h; sourceTree = "<group>"; };
		DD7B2A0B1F2B4046006541C9 /* LabelCell.m */ = {isa = PBXFileReference; fileEncoding = 4; lastKnownFileType = sourcecode.c.objc; path = LabelCell.m; sourceTree = "<group>"; };
		DD7B2A0C1F2B4046006541C9 /* LabelTFCell.h */ = {isa = PBXFileReference; fileEncoding = 4; lastKnownFileType = sourcecode.c.h; path = LabelTFCell.h; sourceTree = "<group>"; };
		DD7B2A0D1F2B4046006541C9 /* LabelTFCell.m */ = {isa = PBXFileReference; fileEncoding = 4; lastKnownFileType = sourcecode.c.objc; path = LabelTFCell.m; sourceTree = "<group>"; };
		DD7B2A0E1F2B4046006541C9 /* TableViewHeader.h */ = {isa = PBXFileReference; fileEncoding = 4; lastKnownFileType = sourcecode.c.h; path = TableViewHeader.h; sourceTree = "<group>"; };
		DD7B2A0F1F2B4046006541C9 /* TableViewHeader.m */ = {isa = PBXFileReference; fileEncoding = 4; lastKnownFileType = sourcecode.c.objc; path = TableViewHeader.m; sourceTree = "<group>"; };
		DD7B2A101F2B4046006541C9 /* TextFieldCell.h */ = {isa = PBXFileReference; fileEncoding = 4; lastKnownFileType = sourcecode.c.h; path = TextFieldCell.h; sourceTree = "<group>"; };
		DD7B2A111F2B4046006541C9 /* TextFieldCell.m */ = {isa = PBXFileReference; fileEncoding = 4; lastKnownFileType = sourcecode.c.objc; path = TextFieldCell.m; sourceTree = "<group>"; };
		DD7B2A121F2B4046006541C9 /* TextViewCell.h */ = {isa = PBXFileReference; fileEncoding = 4; lastKnownFileType = sourcecode.c.h; path = TextViewCell.h; sourceTree = "<group>"; };
		DD7B2A131F2B4046006541C9 /* TextViewCell.m */ = {isa = PBXFileReference; fileEncoding = 4; lastKnownFileType = sourcecode.c.objc; path = TextViewCell.m; sourceTree = "<group>"; };
		DD7B2A1C1F2B415B006541C9 /* CollectionViewController.h */ = {isa = PBXFileReference; fileEncoding = 4; lastKnownFileType = sourcecode.c.h; path = CollectionViewController.h; sourceTree = "<group>"; };
		DD7B2A1D1F2B415B006541C9 /* CollectionViewController.m */ = {isa = PBXFileReference; fileEncoding = 4; lastKnownFileType = sourcecode.c.objc; path = CollectionViewController.m; sourceTree = "<group>"; };
		DD7B2A1F1F2B473F006541C9 /* LabelItem.h */ = {isa = PBXFileReference; fileEncoding = 4; lastKnownFileType = sourcecode.c.h; path = LabelItem.h; sourceTree = "<group>"; };
		DD7B2A201F2B473F006541C9 /* LabelItem.m */ = {isa = PBXFileReference; fileEncoding = 4; lastKnownFileType = sourcecode.c.objc; path = LabelItem.m; sourceTree = "<group>"; };
		DD7BE2201EF769C700DCC554 /* AppConst.h */ = {isa = PBXFileReference; lastKnownFileType = sourcecode.c.h; path = AppConst.h; sourceTree = "<group>"; };
		DDECD8DA1EEBF491002B3367 /* TViewController.h */ = {isa = PBXFileReference; fileEncoding = 4; lastKnownFileType = sourcecode.c.h; path = TViewController.h; sourceTree = "<group>"; };
		DDECD8DB1EEBF491002B3367 /* TViewController.m */ = {isa = PBXFileReference; fileEncoding = 4; lastKnownFileType = sourcecode.c.objc; path = TViewController.m; sourceTree = "<group>"; };
		DDECD8DD1EEC04EE002B3367 /* AViewController.h */ = {isa = PBXFileReference; fileEncoding = 4; lastKnownFileType = sourcecode.c.h; path = AViewController.h; sourceTree = "<group>"; };
		DDECD8DE1EEC04EE002B3367 /* AViewController.m */ = {isa = PBXFileReference; fileEncoding = 4; lastKnownFileType = sourcecode.c.objc; path = AViewController.m; sourceTree = "<group>"; };
		DDECD8E01EEC04F4002B3367 /* BViewController.h */ = {isa = PBXFileReference; fileEncoding = 4; lastKnownFileType = sourcecode.c.h; path = BViewController.h; sourceTree = "<group>"; };
		DDECD8E11EEC04F4002B3367 /* BViewController.m */ = {isa = PBXFileReference; fileEncoding = 4; lastKnownFileType = sourcecode.c.objc; path = BViewController.m; sourceTree = "<group>"; };
		DDECD8E31EEC04FF002B3367 /* CViewController.h */ = {isa = PBXFileReference; fileEncoding = 4; lastKnownFileType = sourcecode.c.h; path = CViewController.h; sourceTree = "<group>"; };
		DDECD8E41EEC04FF002B3367 /* CViewController.m */ = {isa = PBXFileReference; fileEncoding = 4; lastKnownFileType = sourcecode.c.objc; path = CViewController.m; sourceTree = "<group>"; };
		DDFFC8C51EE060A700849F4A /* Common.app */ = {isa = PBXFileReference; explicitFileType = wrapper.application; includeInIndex = 0; path = Common.app; sourceTree = BUILT_PRODUCTS_DIR; };
		DDFFC8C91EE060A700849F4A /* main.m */ = {isa = PBXFileReference; lastKnownFileType = sourcecode.c.objc; path = main.m; sourceTree = "<group>"; };
		DDFFC8CB1EE060A700849F4A /* AppDelegate.h */ = {isa = PBXFileReference; lastKnownFileType = sourcecode.c.h; path = AppDelegate.h; sourceTree = "<group>"; };
		DDFFC8CC1EE060A700849F4A /* AppDelegate.m */ = {isa = PBXFileReference; lastKnownFileType = sourcecode.c.objc; path = AppDelegate.m; sourceTree = "<group>"; };
		DDFFC8CE1EE060A700849F4A /* ViewController.h */ = {isa = PBXFileReference; lastKnownFileType = sourcecode.c.h; path = ViewController.h; sourceTree = "<group>"; };
		DDFFC8CF1EE060A700849F4A /* ViewController.m */ = {isa = PBXFileReference; lastKnownFileType = sourcecode.c.objc; path = ViewController.m; sourceTree = "<group>"; };
		DDFFC8D41EE060A700849F4A /* Assets.xcassets */ = {isa = PBXFileReference; lastKnownFileType = folder.assetcatalog; path = Assets.xcassets; sourceTree = "<group>"; };
		DDFFC8D71EE060A700849F4A /* Base */ = {isa = PBXFileReference; lastKnownFileType = file.storyboard; name = Base; path = Base.lproj/LaunchScreen.storyboard; sourceTree = "<group>"; };
		DDFFC8D91EE060A700849F4A /* Info.plist */ = {isa = PBXFileReference; lastKnownFileType = text.plist.xml; path = Info.plist; sourceTree = "<group>"; };
		DDFFC8DE1EE060A700849F4A /* CommonTests.xctest */ = {isa = PBXFileReference; explicitFileType = wrapper.cfbundle; includeInIndex = 0; path = CommonTests.xctest; sourceTree = BUILT_PRODUCTS_DIR; };
		DDFFC8E21EE060A700849F4A /* CommonTests.m */ = {isa = PBXFileReference; lastKnownFileType = sourcecode.c.objc; path = CommonTests.m; sourceTree = "<group>"; };
		DDFFC8E41EE060A700849F4A /* Info.plist */ = {isa = PBXFileReference; lastKnownFileType = text.plist.xml; path = Info.plist; sourceTree = "<group>"; };
		DDFFC8E91EE060A800849F4A /* CommonUITests.xctest */ = {isa = PBXFileReference; explicitFileType = wrapper.cfbundle; includeInIndex = 0; path = CommonUITests.xctest; sourceTree = BUILT_PRODUCTS_DIR; };
		DDFFC8ED1EE060A800849F4A /* CommonUITests.m */ = {isa = PBXFileReference; lastKnownFileType = sourcecode.c.objc; path = CommonUITests.m; sourceTree = "<group>"; };
		DDFFC8EF1EE060A800849F4A /* Info.plist */ = {isa = PBXFileReference; lastKnownFileType = text.plist.xml; path = Info.plist; sourceTree = "<group>"; };
		DDFFC9051EE061B500849F4A /* PrefixHeader.pch */ = {isa = PBXFileReference; lastKnownFileType = sourcecode.c.h; path = PrefixHeader.pch; sourceTree = "<group>"; };
/* End PBXFileReference section */

/* Begin PBXFrameworksBuildPhase section */
		DDFFC8C21EE060A700849F4A /* Frameworks */ = {
			isa = PBXFrameworksBuildPhase;
			buildActionMask = 2147483647;
			files = (
			);
			runOnlyForDeploymentPostprocessing = 0;
		};
		DDFFC8DB1EE060A700849F4A /* Frameworks */ = {
			isa = PBXFrameworksBuildPhase;
			buildActionMask = 2147483647;
			files = (
			);
			runOnlyForDeploymentPostprocessing = 0;
		};
		DDFFC8E61EE060A800849F4A /* Frameworks */ = {
			isa = PBXFrameworksBuildPhase;
			buildActionMask = 2147483647;
			files = (
			);
			runOnlyForDeploymentPostprocessing = 0;
		};
/* End PBXFrameworksBuildPhase section */

/* Begin PBXGroup section */
		DD5646001F02087E0007A4C2 /* Resource */ = {
			isa = PBXGroup;
			children = (
				DD5646061F020C1E0007A4C2 /* placeholder.png */,
			);
			path = Resource;
			sourceTree = "<group>";
		};
		DD5742E71EEFD56100ADF13F /* Base */ = {
			isa = PBXGroup;
			children = (
				DD5742F41EEFD56100ADF13F /* BaseViewController.h */,
				DD5742F51EEFD56100ADF13F /* BaseViewController.m */,
				DD5742EC1EEFD56100ADF13F /* BaseNavigationController.h */,
				DD5742ED1EEFD56100ADF13F /* BaseNavigationController.m */,
				DD5742EE1EEFD56100ADF13F /* BaseTabBarController.h */,
				DD5742EF1EEFD56100ADF13F /* BaseTabBarController.m */,
				DD5742F01EEFD56100ADF13F /* BaseTableViewCell.h */,
				DD5742F11EEFD56100ADF13F /* BaseTableViewCell.m */,
				DD5742F21EEFD56100ADF13F /* BaseTableViewHeaderFooter.h */,
				DD5742F31EEFD56100ADF13F /* BaseTableViewHeaderFooter.m */,
				DD5742EA1EEFD56100ADF13F /* BaseModel.h */,
				DD5742EB1EEFD56100ADF13F /* BaseModel.m */,
				DD5742E81EEFD56100ADF13F /* BaseCollectionViewItem.h */,
				DD5742E91EEFD56100ADF13F /* BaseCollectionViewItem.m */,
			);
			path = Base;
			sourceTree = "<group>";
		};
		DD5742FD1EEFD56600ADF13F /* View */ = {
			isa = PBXGroup;
			children = (
				DD7B2A031F2B4046006541C9 /* Cell */,
				DD7B2A021F2B4046006541C9 /* Item */,
			);
			path = View;
			sourceTree = "<group>";
		};
		DD5743131EEFD56A00ADF13F /* Controller */ = {
			isa = PBXGroup;
			children = (
				DD5743161EEFD56A00ADF13F /* TabContainerVC.h */,
				DD5743171EEFD56A00ADF13F /* TabContainerVC.m */,
				DD5743141EEFD56A00ADF13F /* ScrollContainerVC.h */,
				DD5743151EEFD56A00ADF13F /* ScrollContainerVC.m */,
				DD5743181EEFD56A00ADF13F /* VCItem.h */,
				DD5743191EEFD56A00ADF13F /* VCItem.m */,
			);
			path = Controller;
			sourceTree = "<group>";
		};
		DD5E7C2E1EF6C2BB00460D58 /* Lib */ = {
			isa = PBXGroup;
			children = (
				DD70CE441EFB9405002575D7 /* SDWebImage */,
				DD70CE241EFB93F9002575D7 /* MJExtension */,
				DD7272B11EF91D920050856D /* DSLArchiver */,
				DD5E7C681EF6C33D00460D58 /* AFNetworking */,
				DD5E7C2F1EF6C2BB00460D58 /* FDTemplateLayoutCell */,
				DD5E7C381EF6C2BB00460D58 /* HMSegmentedControl */,
				DD5E7C3B1EF6C2BB00460D58 /* Masonry */,
			);
			path = Lib;
			sourceTree = "<group>";
		};
		DD5E7C2F1EF6C2BB00460D58 /* FDTemplateLayoutCell */ = {
			isa = PBXGroup;
			children = (
				DD5E7C301EF6C2BB00460D58 /* UITableView+FDIndexPathHeightCache.h */,
				DD5E7C311EF6C2BB00460D58 /* UITableView+FDIndexPathHeightCache.m */,
				DD5E7C321EF6C2BB00460D58 /* UITableView+FDKeyedHeightCache.h */,
				DD5E7C331EF6C2BB00460D58 /* UITableView+FDKeyedHeightCache.m */,
				DD5E7C341EF6C2BB00460D58 /* UITableView+FDTemplateLayoutCell.h */,
				DD5E7C351EF6C2BB00460D58 /* UITableView+FDTemplateLayoutCell.m */,
				DD5E7C361EF6C2BB00460D58 /* UITableView+FDTemplateLayoutCellDebug.h */,
				DD5E7C371EF6C2BB00460D58 /* UITableView+FDTemplateLayoutCellDebug.m */,
			);
			path = FDTemplateLayoutCell;
			sourceTree = "<group>";
		};
		DD5E7C381EF6C2BB00460D58 /* HMSegmentedControl */ = {
			isa = PBXGroup;
			children = (
				DD5E7C391EF6C2BB00460D58 /* HMSegmentedControl.h */,
				DD5E7C3A1EF6C2BB00460D58 /* HMSegmentedControl.m */,
			);
			path = HMSegmentedControl;
			sourceTree = "<group>";
		};
		DD5E7C3B1EF6C2BB00460D58 /* Masonry */ = {
			isa = PBXGroup;
			children = (
				DD5E7C3C1EF6C2BB00460D58 /* MASCompositeConstraint.h */,
				DD5E7C3D1EF6C2BB00460D58 /* MASCompositeConstraint.m */,
				DD5E7C3E1EF6C2BB00460D58 /* MASConstraint+Private.h */,
				DD5E7C3F1EF6C2BB00460D58 /* MASConstraint.h */,
				DD5E7C401EF6C2BB00460D58 /* MASConstraint.m */,
				DD5E7C411EF6C2BB00460D58 /* MASConstraintMaker.h */,
				DD5E7C421EF6C2BB00460D58 /* MASConstraintMaker.m */,
				DD5E7C431EF6C2BB00460D58 /* MASLayoutConstraint.h */,
				DD5E7C441EF6C2BB00460D58 /* MASLayoutConstraint.m */,
				DD5E7C451EF6C2BB00460D58 /* Masonry.h */,
				DD5E7C461EF6C2BB00460D58 /* MASUtilities.h */,
				DD5E7C471EF6C2BB00460D58 /* MASViewAttribute.h */,
				DD5E7C481EF6C2BB00460D58 /* MASViewAttribute.m */,
				DD5E7C491EF6C2BB00460D58 /* MASViewConstraint.h */,
				DD5E7C4A1EF6C2BB00460D58 /* MASViewConstraint.m */,
				DD5E7C4B1EF6C2BB00460D58 /* NSArray+MASAdditions.h */,
				DD5E7C4C1EF6C2BB00460D58 /* NSArray+MASAdditions.m */,
				DD5E7C4D1EF6C2BB00460D58 /* NSArray+MASShorthandAdditions.h */,
				DD5E7C4E1EF6C2BB00460D58 /* NSLayoutConstraint+MASDebugAdditions.h */,
				DD5E7C4F1EF6C2BB00460D58 /* NSLayoutConstraint+MASDebugAdditions.m */,
				DD5E7C501EF6C2BB00460D58 /* View+MASAdditions.h */,
				DD5E7C511EF6C2BB00460D58 /* View+MASAdditions.m */,
				DD5E7C521EF6C2BB00460D58 /* View+MASShorthandAdditions.h */,
				DD5E7C531EF6C2BB00460D58 /* ViewController+MASAdditions.h */,
				DD5E7C541EF6C2BB00460D58 /* ViewController+MASAdditions.m */,
			);
			path = Masonry;
			sourceTree = "<group>";
		};
		DD5E7C681EF6C33D00460D58 /* AFNetworking */ = {
			isa = PBXGroup;
			children = (
				DD5E7C691EF6C33D00460D58 /* AFHTTPSessionManager.h */,
				DD5E7C6A1EF6C33D00460D58 /* AFHTTPSessionManager.m */,
				DD5E7C6B1EF6C33D00460D58 /* AFNetworking.h */,
				DD5E7C6C1EF6C33D00460D58 /* AFNetworkReachabilityManager.h */,
				DD5E7C6D1EF6C33D00460D58 /* AFNetworkReachabilityManager.m */,
				DD5E7C6E1EF6C33D00460D58 /* AFSecurityPolicy.h */,
				DD5E7C6F1EF6C33D00460D58 /* AFSecurityPolicy.m */,
				DD5E7C701EF6C33D00460D58 /* AFURLRequestSerialization.h */,
				DD5E7C711EF6C33D00460D58 /* AFURLRequestSerialization.m */,
				DD5E7C721EF6C33D00460D58 /* AFURLResponseSerialization.h */,
				DD5E7C731EF6C33D00460D58 /* AFURLResponseSerialization.m */,
				DD5E7C741EF6C33D00460D58 /* AFURLSessionManager.h */,
				DD5E7C751EF6C33D00460D58 /* AFURLSessionManager.m */,
			);
			path = AFNetworking;
			sourceTree = "<group>";
		};
		DD61F3281EF13D1F00693BBB /* Other */ = {
			isa = PBXGroup;
			children = (
				DD5E7C641EF6C2F100460D58 /* AppAPI.h */,
				DD7BE2201EF769C700DCC554 /* AppConst.h */,
				DD69F72F1EFA6E04005B0510 /* AppInit.h */,
				DD69F7301EFA6E04005B0510 /* AppInit.m */,
				DD5E7C651EF6C2F100460D58 /* HTTPRequest.h */,
				DD5E7C661EF6C2F100460D58 /* HTTPRequest.m */,
				DD61F3291EF13D9E00693BBB /* CodeStore.h */,
				DD61F32A1EF13D9E00693BBB /* CodeStore.m */,
				DD75A79C1F04E33400EE9DB1 /* IdentifierProtocol.h */,
			);
			path = Other;
			sourceTree = "<group>";
		};
		DD70CE241EFB93F9002575D7 /* MJExtension */ = {
			isa = PBXGroup;
			children = (
				DD70CE251EFB93F9002575D7 /* MJExtension.h */,
				DD70CE261EFB93F9002575D7 /* MJExtensionConst.h */,
				DD70CE271EFB93F9002575D7 /* MJExtensionConst.m */,
				DD70CE281EFB93F9002575D7 /* MJFoundation.h */,
				DD70CE291EFB93F9002575D7 /* MJFoundation.m */,
				DD70CE2A1EFB93F9002575D7 /* MJProperty.h */,
				DD70CE2B1EFB93F9002575D7 /* MJProperty.m */,
				DD70CE2C1EFB93F9002575D7 /* MJPropertyKey.h */,
				DD70CE2D1EFB93F9002575D7 /* MJPropertyKey.m */,
				DD70CE2E1EFB93F9002575D7 /* MJPropertyType.h */,
				DD70CE2F1EFB93F9002575D7 /* MJPropertyType.m */,
				DD70CE301EFB93F9002575D7 /* NSObject+MJClass.h */,
				DD70CE311EFB93F9002575D7 /* NSObject+MJClass.m */,
				DD70CE321EFB93F9002575D7 /* NSObject+MJCoding.h */,
				DD70CE331EFB93F9002575D7 /* NSObject+MJCoding.m */,
				DD70CE341EFB93F9002575D7 /* NSObject+MJKeyValue.h */,
				DD70CE351EFB93F9002575D7 /* NSObject+MJKeyValue.m */,
				DD70CE361EFB93F9002575D7 /* NSObject+MJProperty.h */,
				DD70CE371EFB93F9002575D7 /* NSObject+MJProperty.m */,
				DD70CE381EFB93F9002575D7 /* NSString+MJExtension.h */,
				DD70CE391EFB93F9002575D7 /* NSString+MJExtension.m */,
			);
			path = MJExtension;
			sourceTree = "<group>";
		};
		DD70CE441EFB9405002575D7 /* SDWebImage */ = {
			isa = PBXGroup;
			children = (
				DD70CE451EFB9405002575D7 /* MKAnnotationView+WebCache.h */,
				DD70CE461EFB9405002575D7 /* MKAnnotationView+WebCache.m */,
				DD70CE471EFB9405002575D7 /* NSData+ImageContentType.h */,
				DD70CE481EFB9405002575D7 /* NSData+ImageContentType.m */,
				DD70CE491EFB9405002575D7 /* SDImageCache.h */,
				DD70CE4A1EFB9405002575D7 /* SDImageCache.m */,
				DD70CE4B1EFB9405002575D7 /* SDWebImageCompat.h */,
				DD70CE4C1EFB9405002575D7 /* SDWebImageCompat.m */,
				DD70CE4D1EFB9405002575D7 /* SDWebImageDecoder.h */,
				DD70CE4E1EFB9405002575D7 /* SDWebImageDecoder.m */,
				DD70CE4F1EFB9405002575D7 /* SDWebImageDownloader.h */,
				DD70CE501EFB9405002575D7 /* SDWebImageDownloader.m */,
				DD70CE511EFB9405002575D7 /* SDWebImageDownloaderOperation.h */,
				DD70CE521EFB9405002575D7 /* SDWebImageDownloaderOperation.m */,
				DD70CE531EFB9405002575D7 /* SDWebImageManager.h */,
				DD70CE541EFB9405002575D7 /* SDWebImageManager.m */,
				DD70CE551EFB9405002575D7 /* SDWebImageOperation.h */,
				DD70CE561EFB9405002575D7 /* SDWebImagePrefetcher.h */,
				DD70CE571EFB9405002575D7 /* SDWebImagePrefetcher.m */,
				DD70CE581EFB9406002575D7 /* UIButton+WebCache.h */,
				DD70CE591EFB9406002575D7 /* UIButton+WebCache.m */,
				DD70CE5A1EFB9406002575D7 /* UIImage+GIF.h */,
				DD70CE5B1EFB9406002575D7 /* UIImage+GIF.m */,
				DD70CE5C1EFB9406002575D7 /* UIImage+MultiFormat.h */,
				DD70CE5D1EFB9406002575D7 /* UIImage+MultiFormat.m */,
				DD70CE5E1EFB9406002575D7 /* UIImage+WebP.h */,
				DD70CE5F1EFB9406002575D7 /* UIImage+WebP.m */,
				DD70CE601EFB9406002575D7 /* UIImageView+HighlightedWebCache.h */,
				DD70CE611EFB9406002575D7 /* UIImageView+HighlightedWebCache.m */,
				DD70CE621EFB9406002575D7 /* UIImageView+WebCache.h */,
				DD70CE631EFB9406002575D7 /* UIImageView+WebCache.m */,
				DD70CE641EFB9406002575D7 /* UIView+WebCacheOperation.h */,
				DD70CE651EFB9406002575D7 /* UIView+WebCacheOperation.m */,
			);
			path = SDWebImage;
			sourceTree = "<group>";
		};
		DD7272AD1EF91D5B0050856D /* Model */ = {
			isa = PBXGroup;
			children = (
				DD7272AE1EF91D750050856D /* UserModel.h */,
				DD7272AF1EF91D750050856D /* UserModel.m */,
			);
			path = Model;
			sourceTree = "<group>";
		};
		DD7272B11EF91D920050856D /* DSLArchiver */ = {
			isa = PBXGroup;
			children = (
				DD7272B21EF91D920050856D /* DSLArchiver.h */,
				DD7272B31EF91D920050856D /* DSLArchiver.m */,
				DD7272B41EF91D920050856D /* DSLIvar.h */,
				DD7272B51EF91D920050856D /* DSLIvar.m */,
				DD7272B61EF91D920050856D /* NSObject+DSLCoding.h */,
				DD7272B71EF91D920050856D /* NSObject+DSLCoding.m */,
			);
			path = DSLArchiver;
			sourceTree = "<group>";
		};
		DD7B2A021F2B4046006541C9 /* Item */ = {
			isa = PBXGroup;
			children = (
				DD7B2A1F1F2B473F006541C9 /* LabelItem.h */,
				DD7B2A201F2B473F006541C9 /* LabelItem.m */,
			);
			path = Item;
			sourceTree = "<group>";
		};
		DD7B2A031F2B4046006541C9 /* Cell */ = {
			isa = PBXGroup;
			children = (
				DD7B2A041F2B4046006541C9 /* ButtonCell.h */,
				DD7B2A051F2B4046006541C9 /* ButtonCell.m */,
				DD7B2A061F2B4046006541C9 /* IconLabelCell.h */,
				DD7B2A071F2B4046006541C9 /* IconLabelCell.m */,
				DD7B2A081F2B4046006541C9 /* IconTFCell.h */,
				DD7B2A091F2B4046006541C9 /* IconTFCell.m */,
				DD7B2A0A1F2B4046006541C9 /* LabelCell.h */,
				DD7B2A0B1F2B4046006541C9 /* LabelCell.m */,
				DD7B2A0C1F2B4046006541C9 /* LabelTFCell.h */,
				DD7B2A0D1F2B4046006541C9 /* LabelTFCell.m */,
				DD7B2A0E1F2B4046006541C9 /* TableViewHeader.h */,
				DD7B2A0F1F2B4046006541C9 /* TableViewHeader.m */,
				DD7B2A101F2B4046006541C9 /* TextFieldCell.h */,
				DD7B2A111F2B4046006541C9 /* TextFieldCell.m */,
				DD7B2A121F2B4046006541C9 /* TextViewCell.h */,
				DD7B2A131F2B4046006541C9 /* TextViewCell.m */,
			);
			path = Cell;
			sourceTree = "<group>";
		};
		DDFFC8BC1EE060A700849F4A = {
			isa = PBXGroup;
			children = (
				DD5E7C2E1EF6C2BB00460D58 /* Lib */,
				DDFFC8FB1EE060F400849F4A /* Common */,
				DDFFC8C71EE060A700849F4A /* CommonExample */,
				DDFFC8E11EE060A700849F4A /* CommonTests */,
				DDFFC8EC1EE060A800849F4A /* CommonUITests */,
				DDFFC8C61EE060A700849F4A /* Products */,
			);
			sourceTree = "<group>";
		};
		DDFFC8C61EE060A700849F4A /* Products */ = {
			isa = PBXGroup;
			children = (
				DDFFC8C51EE060A700849F4A /* Common.app */,
				DDFFC8DE1EE060A700849F4A /* CommonTests.xctest */,
				DDFFC8E91EE060A800849F4A /* CommonUITests.xctest */,
			);
			name = Products;
			sourceTree = "<group>";
		};
		DDFFC8C71EE060A700849F4A /* CommonExample */ = {
			isa = PBXGroup;
			children = (
				DDFFC8CE1EE060A700849F4A /* ViewController.h */,
				DDFFC8CF1EE060A700849F4A /* ViewController.m */,
				DDECD8DA1EEBF491002B3367 /* TViewController.h */,
				DDECD8DB1EEBF491002B3367 /* TViewController.m */,
				DD5742E41EEFD0CE00ADF13F /* SViewController.h */,
				DD5742E51EEFD0CE00ADF13F /* SViewController.m */,
				DDECD8DD1EEC04EE002B3367 /* AViewController.h */,
				DDECD8DE1EEC04EE002B3367 /* AViewController.m */,
				DDECD8E01EEC04F4002B3367 /* BViewController.h */,
				DDECD8E11EEC04F4002B3367 /* BViewController.m */,
				DDECD8E31EEC04FF002B3367 /* CViewController.h */,
				DDECD8E41EEC04FF002B3367 /* CViewController.m */,
				DD7B2A1C1F2B415B006541C9 /* CollectionViewController.h */,
				DD7B2A1D1F2B415B006541C9 /* CollectionViewController.m */,
				DDFFC8D41EE060A700849F4A /* Assets.xcassets */,
				DDFFC8D91EE060A700849F4A /* Info.plist */,
				DDFFC8C81EE060A700849F4A /* Supporting Files */,
			);
			path = CommonExample;
			sourceTree = "<group>";
		};
		DDFFC8C81EE060A700849F4A /* Supporting Files */ = {
			isa = PBXGroup;
			children = (
				DDFFC8CB1EE060A700849F4A /* AppDelegate.h */,
				DDFFC8CC1EE060A700849F4A /* AppDelegate.m */,
				DDFFC8C91EE060A700849F4A /* main.m */,
				DDFFC9051EE061B500849F4A /* PrefixHeader.pch */,
				DDFFC8D61EE060A700849F4A /* LaunchScreen.storyboard */,
			);
			name = "Supporting Files";
			sourceTree = "<group>";
		};
		DDFFC8E11EE060A700849F4A /* CommonTests */ = {
			isa = PBXGroup;
			children = (
				DDFFC8E21EE060A700849F4A /* CommonTests.m */,
				DDFFC8E41EE060A700849F4A /* Info.plist */,
			);
			path = CommonTests;
			sourceTree = "<group>";
		};
		DDFFC8EC1EE060A800849F4A /* CommonUITests */ = {
			isa = PBXGroup;
			children = (
				DDFFC8ED1EE060A800849F4A /* CommonUITests.m */,
				DDFFC8EF1EE060A800849F4A /* Info.plist */,
			);
			path = CommonUITests;
			sourceTree = "<group>";
		};
		DDFFC8FB1EE060F400849F4A /* Common */ = {
			isa = PBXGroup;
			children = (
				DD5646001F02087E0007A4C2 /* Resource */,
				DD61F3281EF13D1F00693BBB /* Other */,
				DD5742E71EEFD56100ADF13F /* Base */,
				DD5742FD1EEFD56600ADF13F /* View */,
				DD5743131EEFD56A00ADF13F /* Controller */,
				DD7272AD1EF91D5B0050856D /* Model */,
			);
			path = Common;
			sourceTree = "<group>";
		};
/* End PBXGroup section */

/* Begin PBXNativeTarget section */
		DDFFC8C41EE060A700849F4A /* Common */ = {
			isa = PBXNativeTarget;
			buildConfigurationList = DDFFC8F21EE060A800849F4A /* Build configuration list for PBXNativeTarget "Common" */;
			buildPhases = (
				DDFFC8C11EE060A700849F4A /* Sources */,
				DDFFC8C21EE060A700849F4A /* Frameworks */,
				DDFFC8C31EE060A700849F4A /* Resources */,
			);
			buildRules = (
			);
			dependencies = (
			);
			name = Common;
			productName = Common;
			productReference = DDFFC8C51EE060A700849F4A /* Common.app */;
			productType = "com.apple.product-type.application";
		};
		DDFFC8DD1EE060A700849F4A /* CommonTests */ = {
			isa = PBXNativeTarget;
			buildConfigurationList = DDFFC8F51EE060A800849F4A /* Build configuration list for PBXNativeTarget "CommonTests" */;
			buildPhases = (
				DDFFC8DA1EE060A700849F4A /* Sources */,
				DDFFC8DB1EE060A700849F4A /* Frameworks */,
				DDFFC8DC1EE060A700849F4A /* Resources */,
			);
			buildRules = (
			);
			dependencies = (
				DDFFC8E01EE060A700849F4A /* PBXTargetDependency */,
			);
			name = CommonTests;
			productName = CommonTests;
			productReference = DDFFC8DE1EE060A700849F4A /* CommonTests.xctest */;
			productType = "com.apple.product-type.bundle.unit-test";
		};
		DDFFC8E81EE060A800849F4A /* CommonUITests */ = {
			isa = PBXNativeTarget;
			buildConfigurationList = DDFFC8F81EE060A800849F4A /* Build configuration list for PBXNativeTarget "CommonUITests" */;
			buildPhases = (
				DDFFC8E51EE060A800849F4A /* Sources */,
				DDFFC8E61EE060A800849F4A /* Frameworks */,
				DDFFC8E71EE060A800849F4A /* Resources */,
			);
			buildRules = (
			);
			dependencies = (
				DDFFC8EB1EE060A800849F4A /* PBXTargetDependency */,
			);
			name = CommonUITests;
			productName = CommonUITests;
			productReference = DDFFC8E91EE060A800849F4A /* CommonUITests.xctest */;
			productType = "com.apple.product-type.bundle.ui-testing";
		};
/* End PBXNativeTarget section */

/* Begin PBXProject section */
		DDFFC8BD1EE060A700849F4A /* Project object */ = {
			isa = PBXProject;
			attributes = {
				LastUpgradeCheck = 0830;
				ORGANIZATIONNAME = "邓顺来";
				TargetAttributes = {
					DDFFC8C41EE060A700849F4A = {
						CreatedOnToolsVersion = 8.3.2;
						DevelopmentTeam = QTRV8G9WAU;
						ProvisioningStyle = Automatic;
					};
					DDFFC8DD1EE060A700849F4A = {
						CreatedOnToolsVersion = 8.3.2;
						DevelopmentTeam = QTRV8G9WAU;
						ProvisioningStyle = Automatic;
						TestTargetID = DDFFC8C41EE060A700849F4A;
					};
					DDFFC8E81EE060A800849F4A = {
						CreatedOnToolsVersion = 8.3.2;
						DevelopmentTeam = QTRV8G9WAU;
						ProvisioningStyle = Automatic;
						TestTargetID = DDFFC8C41EE060A700849F4A;
					};
				};
			};
			buildConfigurationList = DDFFC8C01EE060A700849F4A /* Build configuration list for PBXProject "Common" */;
			compatibilityVersion = "Xcode 3.2";
			developmentRegion = English;
			hasScannedForEncodings = 0;
			knownRegions = (
				en,
				Base,
			);
			mainGroup = DDFFC8BC1EE060A700849F4A;
			productRefGroup = DDFFC8C61EE060A700849F4A /* Products */;
			projectDirPath = "";
			projectRoot = "";
			targets = (
				DDFFC8C41EE060A700849F4A /* Common */,
				DDFFC8DD1EE060A700849F4A /* CommonTests */,
				DDFFC8E81EE060A800849F4A /* CommonUITests */,
			);
		};
/* End PBXProject section */

/* Begin PBXResourcesBuildPhase section */
		DDFFC8C31EE060A700849F4A /* Resources */ = {
			isa = PBXResourcesBuildPhase;
			buildActionMask = 2147483647;
			files = (
				DDFFC8D81EE060A700849F4A /* LaunchScreen.storyboard in Resources */,
				DD5646071F020C1E0007A4C2 /* placeholder.png in Resources */,
				DDFFC8D51EE060A700849F4A /* Assets.xcassets in Resources */,
			);
			runOnlyForDeploymentPostprocessing = 0;
		};
		DDFFC8DC1EE060A700849F4A /* Resources */ = {
			isa = PBXResourcesBuildPhase;
			buildActionMask = 2147483647;
			files = (
			);
			runOnlyForDeploymentPostprocessing = 0;
		};
		DDFFC8E71EE060A800849F4A /* Resources */ = {
			isa = PBXResourcesBuildPhase;
			buildActionMask = 2147483647;
			files = (
			);
			runOnlyForDeploymentPostprocessing = 0;
		};
/* End PBXResourcesBuildPhase section */

/* Begin PBXSourcesBuildPhase section */
		DDFFC8C11EE060A700849F4A /* Sources */ = {
			isa = PBXSourcesBuildPhase;
			buildActionMask = 2147483647;
			files = (
				DD5742FC1EEFD56100ADF13F /* BaseViewController.m in Sources */,
				DD5E7C781EF6C33D00460D58 /* AFSecurityPolicy.m in Sources */,
				DD5E7C571EF6C2BB00460D58 /* UITableView+FDTemplateLayoutCell.m in Sources */,
				DDECD8DF1EEC04EE002B3367 /* AViewController.m in Sources */,
				DD5E7C631EF6C2BB00460D58 /* ViewController+MASAdditions.m in Sources */,
				DDECD8E51EEC04FF002B3367 /* CViewController.m in Sources */,
				DD70CE751EFB9406002575D7 /* UIView+WebCacheOperation.m in Sources */,
				DD70CE681EFB9406002575D7 /* SDImageCache.m in Sources */,
				DD70CE3F1EFB93F9002575D7 /* NSObject+MJClass.m in Sources */,
				DD7B2A1B1F2B4046006541C9 /* TextViewCell.m in Sources */,
				DD70CE6E1EFB9406002575D7 /* SDWebImagePrefetcher.m in Sources */,
				DD5E7C5E1EF6C2BB00460D58 /* MASViewAttribute.m in Sources */,
				DD5E7C5B1EF6C2BB00460D58 /* MASConstraint.m in Sources */,
				DD5E7C7B1EF6C33D00460D58 /* AFURLSessionManager.m in Sources */,
				DD7B2A181F2B4046006541C9 /* LabelTFCell.m in Sources */,
				DD7B2A211F2B473F006541C9 /* LabelItem.m in Sources */,
				DD70CE3A1EFB93F9002575D7 /* MJExtensionConst.m in Sources */,
				DD7B2A161F2B4046006541C9 /* IconTFCell.m in Sources */,
				DD7B2A1E1F2B415B006541C9 /* CollectionViewController.m in Sources */,
				DD70CE741EFB9406002575D7 /* UIImageView+WebCache.m in Sources */,
				DD5E7C5F1EF6C2BB00460D58 /* MASViewConstraint.m in Sources */,
				DD5E7C5C1EF6C2BB00460D58 /* MASConstraintMaker.m in Sources */,
				DD70CE431EFB93F9002575D7 /* NSString+MJExtension.m in Sources */,
				DD5742FB1EEFD56100ADF13F /* BaseTableViewHeaderFooter.m in Sources */,
				DD57431B1EEFD56A00ADF13F /* TabContainerVC.m in Sources */,
				DD70CE711EFB9406002575D7 /* UIImage+MultiFormat.m in Sources */,
				DD7272BA1EF91D920050856D /* NSObject+DSLCoding.m in Sources */,
				DDFFC8D01EE060A700849F4A /* ViewController.m in Sources */,
				DD57431A1EEFD56A00ADF13F /* ScrollContainerVC.m in Sources */,
				DD7B2A191F2B4046006541C9 /* TableViewHeader.m in Sources */,
				DD70CE6A1EFB9406002575D7 /* SDWebImageDecoder.m in Sources */,
				DD5E7C5A1EF6C2BB00460D58 /* MASCompositeConstraint.m in Sources */,
				DDFFC8CD1EE060A700849F4A /* AppDelegate.m in Sources */,
				DD70CE701EFB9406002575D7 /* UIImage+GIF.m in Sources */,
				DD70CE3B1EFB93F9002575D7 /* MJFoundation.m in Sources */,
				DD5E7C671EF6C2F100460D58 /* HTTPRequest.m in Sources */,
				DD5E7C561EF6C2BB00460D58 /* UITableView+FDKeyedHeightCache.m in Sources */,
				DD5E7C5D1EF6C2BB00460D58 /* MASLayoutConstraint.m in Sources */,
				DD5E7C601EF6C2BB00460D58 /* NSArray+MASAdditions.m in Sources */,
				DD7B2A171F2B4046006541C9 /* LabelCell.m in Sources */,
				DD5742F81EEFD56100ADF13F /* BaseNavigationController.m in Sources */,
				DD61F32B1EF13D9E00693BBB /* CodeStore.m in Sources */,
				DDECD8E21EEC04F4002B3367 /* BViewController.m in Sources */,
				DD70CE661EFB9406002575D7 /* MKAnnotationView+WebCache.m in Sources */,
				DD5E7C581EF6C2BB00460D58 /* UITableView+FDTemplateLayoutCellDebug.m in Sources */,
				DD57431C1EEFD56A00ADF13F /* VCItem.m in Sources */,
				DD7272B01EF91D750050856D /* UserModel.m in Sources */,
				DD5E7C611EF6C2BB00460D58 /* NSLayoutConstraint+MASDebugAdditions.m in Sources */,
				DDFFC8CA1EE060A700849F4A /* main.m in Sources */,
				DD7272B81EF91D920050856D /* DSLArchiver.m in Sources */,
				DD5E7C621EF6C2BB00460D58 /* View+MASAdditions.m in Sources */,
				DD5742FA1EEFD56100ADF13F /* BaseTableViewCell.m in Sources */,
				DD7B2A141F2B4046006541C9 /* ButtonCell.m in Sources */,
				DD5E7C551EF6C2BB00460D58 /* UITableView+FDIndexPathHeightCache.m in Sources */,
				DD70CE6C1EFB9406002575D7 /* SDWebImageDownloaderOperation.m in Sources */,
				DD70CE6B1EFB9406002575D7 /* SDWebImageDownloader.m in Sources */,
				DD70CE411EFB93F9002575D7 /* NSObject+MJKeyValue.m in Sources */,
				DD7B2A1A1F2B4046006541C9 /* TextFieldCell.m in Sources */,
				DDECD8DC1EEBF491002B3367 /* TViewController.m in Sources */,
				DD70CE421EFB93F9002575D7 /* NSObject+MJProperty.m in Sources */,
				DD70CE401EFB93F9002575D7 /* NSObject+MJCoding.m in Sources */,
				DD7B2A151F2B4046006541C9 /* IconLabelCell.m in Sources */,
				DD70CE691EFB9406002575D7 /* SDWebImageCompat.m in Sources */,
				DD5742E61EEFD0CE00ADF13F /* SViewController.m in Sources */,
				DD5742F61EEFD56100ADF13F /* BaseCollectionViewItem.m in Sources */,
				DD70CE3E1EFB93F9002575D7 /* MJPropertyType.m in Sources */,
				DD7272B91EF91D920050856D /* DSLIvar.m in Sources */,
				DD70CE731EFB9406002575D7 /* UIImageView+HighlightedWebCache.m in Sources */,
				DD70CE3D1EFB93F9002575D7 /* MJPropertyKey.m in Sources */,
				DD5742F91EEFD56100ADF13F /* BaseTabBarController.m in Sources */,
				DD70CE671EFB9406002575D7 /* NSData+ImageContentType.m in Sources */,
				DD70CE6D1EFB9406002575D7 /* SDWebImageManager.m in Sources */,
				DD69F7311EFA6E04005B0510 /* AppInit.m in Sources */,
				DD70CE721EFB9406002575D7 /* UIImage+WebP.m in Sources */,
				DD70CE6F1EFB9406002575D7 /* UIButton+WebCache.m in Sources */,
				DD5E7C761EF6C33D00460D58 /* AFHTTPSessionManager.m in Sources */,
				DD5742F71EEFD56100ADF13F /* BaseModel.m in Sources */,
				DD70CE3C1EFB93F9002575D7 /* MJProperty.m in Sources */,
				DD5E7C791EF6C33D00460D58 /* AFURLRequestSerialization.m in Sources */,
				DD5E7C771EF6C33D00460D58 /* AFNetworkReachabilityManager.m in Sources */,
				DD5E7C7A1EF6C33D00460D58 /* AFURLResponseSerialization.m in Sources */,
				DD5E7C591EF6C2BB00460D58 /* HMSegmentedControl.m in Sources */,
			);
			runOnlyForDeploymentPostprocessing = 0;
		};
		DDFFC8DA1EE060A700849F4A /* Sources */ = {
			isa = PBXSourcesBuildPhase;
			buildActionMask = 2147483647;
			files = (
				DDFFC8E31EE060A700849F4A /* CommonTests.m in Sources */,
			);
			runOnlyForDeploymentPostprocessing = 0;
		};
		DDFFC8E51EE060A800849F4A /* Sources */ = {
			isa = PBXSourcesBuildPhase;
			buildActionMask = 2147483647;
			files = (
				DDFFC8EE1EE060A800849F4A /* CommonUITests.m in Sources */,
			);
			runOnlyForDeploymentPostprocessing = 0;
		};
/* End PBXSourcesBuildPhase section */

/* Begin PBXTargetDependency section */
		DDFFC8E01EE060A700849F4A /* PBXTargetDependency */ = {
			isa = PBXTargetDependency;
			target = DDFFC8C41EE060A700849F4A /* Common */;
			targetProxy = DDFFC8DF1EE060A700849F4A /* PBXContainerItemProxy */;
		};
		DDFFC8EB1EE060A800849F4A /* PBXTargetDependency */ = {
			isa = PBXTargetDependency;
			target = DDFFC8C41EE060A700849F4A /* Common */;
			targetProxy = DDFFC8EA1EE060A800849F4A /* PBXContainerItemProxy */;
		};
/* End PBXTargetDependency section */

/* Begin PBXVariantGroup section */
		DDFFC8D61EE060A700849F4A /* LaunchScreen.storyboard */ = {
			isa = PBXVariantGroup;
			children = (
				DDFFC8D71EE060A700849F4A /* Base */,
			);
			name = LaunchScreen.storyboard;
			sourceTree = "<group>";
		};
/* End PBXVariantGroup section */

/* Begin XCBuildConfiguration section */
		DDFFC8F01EE060A800849F4A /* Debug */ = {
			isa = XCBuildConfiguration;
			buildSettings = {
				ALWAYS_SEARCH_USER_PATHS = NO;
				CLANG_ANALYZER_NONNULL = YES;
				CLANG_ANALYZER_NUMBER_OBJECT_CONVERSION = YES_AGGRESSIVE;
				CLANG_CXX_LANGUAGE_STANDARD = "gnu++0x";
				CLANG_CXX_LIBRARY = "libc++";
				CLANG_ENABLE_MODULES = YES;
				CLANG_ENABLE_OBJC_ARC = YES;
				CLANG_WARN_BOOL_CONVERSION = YES;
				CLANG_WARN_CONSTANT_CONVERSION = YES;
				CLANG_WARN_DIRECT_OBJC_ISA_USAGE = YES_ERROR;
				CLANG_WARN_DOCUMENTATION_COMMENTS = YES;
				CLANG_WARN_EMPTY_BODY = YES;
				CLANG_WARN_ENUM_CONVERSION = YES;
				CLANG_WARN_INFINITE_RECURSION = YES;
				CLANG_WARN_INT_CONVERSION = YES;
				CLANG_WARN_OBJC_ROOT_CLASS = YES_ERROR;
				CLANG_WARN_SUSPICIOUS_MOVE = YES;
				CLANG_WARN_UNREACHABLE_CODE = YES;
				CLANG_WARN__DUPLICATE_METHOD_MATCH = YES;
				"CODE_SIGN_IDENTITY[sdk=iphoneos*]" = "iPhone Developer";
				COPY_PHASE_STRIP = NO;
				DEBUG_INFORMATION_FORMAT = dwarf;
				ENABLE_STRICT_OBJC_MSGSEND = YES;
				ENABLE_TESTABILITY = YES;
				GCC_C_LANGUAGE_STANDARD = gnu99;
				GCC_DYNAMIC_NO_PIC = NO;
				GCC_NO_COMMON_BLOCKS = YES;
				GCC_OPTIMIZATION_LEVEL = 0;
				GCC_PREPROCESSOR_DEFINITIONS = (
					"DEBUG=1",
					"$(inherited)",
				);
				GCC_WARN_64_TO_32_BIT_CONVERSION = YES;
				GCC_WARN_ABOUT_RETURN_TYPE = YES_ERROR;
				GCC_WARN_UNDECLARED_SELECTOR = YES;
				GCC_WARN_UNINITIALIZED_AUTOS = YES_AGGRESSIVE;
				GCC_WARN_UNUSED_FUNCTION = YES;
				GCC_WARN_UNUSED_VARIABLE = YES;
				IPHONEOS_DEPLOYMENT_TARGET = 10.3;
				MTL_ENABLE_DEBUG_INFO = YES;
				ONLY_ACTIVE_ARCH = YES;
				SDKROOT = iphoneos;
				TARGETED_DEVICE_FAMILY = "1,2";
			};
			name = Debug;
		};
		DDFFC8F11EE060A800849F4A /* Release */ = {
			isa = XCBuildConfiguration;
			buildSettings = {
				ALWAYS_SEARCH_USER_PATHS = NO;
				CLANG_ANALYZER_NONNULL = YES;
				CLANG_ANALYZER_NUMBER_OBJECT_CONVERSION = YES_AGGRESSIVE;
				CLANG_CXX_LANGUAGE_STANDARD = "gnu++0x";
				CLANG_CXX_LIBRARY = "libc++";
				CLANG_ENABLE_MODULES = YES;
				CLANG_ENABLE_OBJC_ARC = YES;
				CLANG_WARN_BOOL_CONVERSION = YES;
				CLANG_WARN_CONSTANT_CONVERSION = YES;
				CLANG_WARN_DIRECT_OBJC_ISA_USAGE = YES_ERROR;
				CLANG_WARN_DOCUMENTATION_COMMENTS = YES;
				CLANG_WARN_EMPTY_BODY = YES;
				CLANG_WARN_ENUM_CONVERSION = YES;
				CLANG_WARN_INFINITE_RECURSION = YES;
				CLANG_WARN_INT_CONVERSION = YES;
				CLANG_WARN_OBJC_ROOT_CLASS = YES_ERROR;
				CLANG_WARN_SUSPICIOUS_MOVE = YES;
				CLANG_WARN_UNREACHABLE_CODE = YES;
				CLANG_WARN__DUPLICATE_METHOD_MATCH = YES;
				"CODE_SIGN_IDENTITY[sdk=iphoneos*]" = "iPhone Developer";
				COPY_PHASE_STRIP = NO;
				DEBUG_INFORMATION_FORMAT = "dwarf-with-dsym";
				ENABLE_NS_ASSERTIONS = NO;
				ENABLE_STRICT_OBJC_MSGSEND = YES;
				GCC_C_LANGUAGE_STANDARD = gnu99;
				GCC_NO_COMMON_BLOCKS = YES;
				GCC_WARN_64_TO_32_BIT_CONVERSION = YES;
				GCC_WARN_ABOUT_RETURN_TYPE = YES_ERROR;
				GCC_WARN_UNDECLARED_SELECTOR = YES;
				GCC_WARN_UNINITIALIZED_AUTOS = YES_AGGRESSIVE;
				GCC_WARN_UNUSED_FUNCTION = YES;
				GCC_WARN_UNUSED_VARIABLE = YES;
				IPHONEOS_DEPLOYMENT_TARGET = 10.3;
				MTL_ENABLE_DEBUG_INFO = NO;
				SDKROOT = iphoneos;
				TARGETED_DEVICE_FAMILY = "1,2";
				VALIDATE_PRODUCT = YES;
			};
			name = Release;
		};
		DDFFC8F31EE060A800849F4A /* Debug */ = {
			isa = XCBuildConfiguration;
			buildSettings = {
				ASSETCATALOG_COMPILER_APPICON_NAME = AppIcon;
				DEVELOPMENT_TEAM = QTRV8G9WAU;
				GCC_PREFIX_HEADER = "$(SRCROOT)/CommonExample/PrefixHeader.pch";
				INFOPLIST_FILE = "$(SRCROOT)/CommonExample/Info.plist";
				IPHONEOS_DEPLOYMENT_TARGET = 8.0;
				LD_RUNPATH_SEARCH_PATHS = "$(inherited) @executable_path/Frameworks";
				PRODUCT_BUNDLE_IDENTIFIER = com.dengshunlai.Common;
				PRODUCT_NAME = "$(TARGET_NAME)";
			};
			name = Debug;
		};
		DDFFC8F41EE060A800849F4A /* Release */ = {
			isa = XCBuildConfiguration;
			buildSettings = {
				ASSETCATALOG_COMPILER_APPICON_NAME = AppIcon;
				DEVELOPMENT_TEAM = QTRV8G9WAU;
				GCC_PREFIX_HEADER = "$(SRCROOT)/CommonExample/PrefixHeader.pch";
				INFOPLIST_FILE = "$(SRCROOT)/CommonExample/Info.plist";
				IPHONEOS_DEPLOYMENT_TARGET = 8.0;
				LD_RUNPATH_SEARCH_PATHS = "$(inherited) @executable_path/Frameworks";
				PRODUCT_BUNDLE_IDENTIFIER = com.dengshunlai.Common;
				PRODUCT_NAME = "$(TARGET_NAME)";
			};
			name = Release;
		};
		DDFFC8F61EE060A800849F4A /* Debug */ = {
			isa = XCBuildConfiguration;
			buildSettings = {
				BUNDLE_LOADER = "$(TEST_HOST)";
				DEVELOPMENT_TEAM = QTRV8G9WAU;
				INFOPLIST_FILE = CommonTests/Info.plist;
				LD_RUNPATH_SEARCH_PATHS = "$(inherited) @executable_path/Frameworks @loader_path/Frameworks";
				PRODUCT_BUNDLE_IDENTIFIER = com.dengshunlai.CommonTests;
				PRODUCT_NAME = "$(TARGET_NAME)";
				TEST_HOST = "$(BUILT_PRODUCTS_DIR)/Common.app/Common";
			};
			name = Debug;
		};
		DDFFC8F71EE060A800849F4A /* Release */ = {
			isa = XCBuildConfiguration;
			buildSettings = {
				BUNDLE_LOADER = "$(TEST_HOST)";
				DEVELOPMENT_TEAM = QTRV8G9WAU;
				INFOPLIST_FILE = CommonTests/Info.plist;
				LD_RUNPATH_SEARCH_PATHS = "$(inherited) @executable_path/Frameworks @loader_path/Frameworks";
				PRODUCT_BUNDLE_IDENTIFIER = com.dengshunlai.CommonTests;
				PRODUCT_NAME = "$(TARGET_NAME)";
				TEST_HOST = "$(BUILT_PRODUCTS_DIR)/Common.app/Common";
			};
			name = Release;
		};
		DDFFC8F91EE060A800849F4A /* Debug */ = {
			isa = XCBuildConfiguration;
			buildSettings = {
				DEVELOPMENT_TEAM = QTRV8G9WAU;
				INFOPLIST_FILE = CommonUITests/Info.plist;
				LD_RUNPATH_SEARCH_PATHS = "$(inherited) @executable_path/Frameworks @loader_path/Frameworks";
				PRODUCT_BUNDLE_IDENTIFIER = com.dengshunlai.CommonUITests;
				PRODUCT_NAME = "$(TARGET_NAME)";
				TEST_TARGET_NAME = Common;
			};
			name = Debug;
		};
		DDFFC8FA1EE060A800849F4A /* Release */ = {
			isa = XCBuildConfiguration;
			buildSettings = {
				DEVELOPMENT_TEAM = QTRV8G9WAU;
				INFOPLIST_FILE = CommonUITests/Info.plist;
				LD_RUNPATH_SEARCH_PATHS = "$(inherited) @executable_path/Frameworks @loader_path/Frameworks";
				PRODUCT_BUNDLE_IDENTIFIER = com.dengshunlai.CommonUITests;
				PRODUCT_NAME = "$(TARGET_NAME)";
				TEST_TARGET_NAME = Common;
			};
			name = Release;
		};
/* End XCBuildConfiguration section */

/* Begin XCConfigurationList section */
		DDFFC8C01EE060A700849F4A /* Build configuration list for PBXProject "Common" */ = {
			isa = XCConfigurationList;
			buildConfigurations = (
				DDFFC8F01EE060A800849F4A /* Debug */,
				DDFFC8F11EE060A800849F4A /* Release */,
			);
			defaultConfigurationIsVisible = 0;
			defaultConfigurationName = Release;
		};
		DDFFC8F21EE060A800849F4A /* Build configuration list for PBXNativeTarget "Common" */ = {
			isa = XCConfigurationList;
			buildConfigurations = (
				DDFFC8F31EE060A800849F4A /* Debug */,
				DDFFC8F41EE060A800849F4A /* Release */,
			);
			defaultConfigurationIsVisible = 0;
			defaultConfigurationName = Release;
		};
		DDFFC8F51EE060A800849F4A /* Build configuration list for PBXNativeTarget "CommonTests" */ = {
			isa = XCConfigurationList;
			buildConfigurations = (
				DDFFC8F61EE060A800849F4A /* Debug */,
				DDFFC8F71EE060A800849F4A /* Release */,
			);
			defaultConfigurationIsVisible = 0;
			defaultConfigurationName = Release;
		};
		DDFFC8F81EE060A800849F4A /* Build configuration list for PBXNativeTarget "CommonUITests" */ = {
			isa = XCConfigurationList;
			buildConfigurations = (
				DDFFC8F91EE060A800849F4A /* Debug */,
				DDFFC8FA1EE060A800849F4A /* Release */,
			);
			defaultConfigurationIsVisible = 0;
			defaultConfigurationName = Release;
		};
/* End XCConfigurationList section */
	};
	rootObject = DDFFC8BD1EE060A700849F4A /* Project object */;
}
